{
    "version": 3,
    "terraform_version": "0.11.13",
    "serial": 2,
    "lineage": "b84a8027-8f75-810c-0ef9-98b8b4f60932",
    "modules": [
        {
            "path": [
                "root"
            ],
            "outputs": {},
            "resources": {
                "openstack_blockstorage_volume_v2.beeond_volume_compute.0": {
                    "type": "openstack_blockstorage_volume_v2",
                    "depends_on": [],
                    "primary": {
                        "id": "3efc5c25-3d4c-4664-a735-663b10adfd3b",
                        "attributes": {
                            "attachment.#": "0",
                            "availability_zone": "nova",
                            "description": "",
                            "id": "3efc5c25-3d4c-4664-a735-663b10adfd3b",
                            "metadata.%": "0",
                            "name": "unicore-beeond_volume_compute-0",
                            "region": "RegionOne",
                            "size": "10",
                            "snapshot_id": "",
                            "source_vol_id": "",
                            "volume_type": "quobyte_hdd"
                        },
                        "meta": {
                            "e2bfb730-ecaa-11e6-8f88-34363bc7c4c0": {
                                "create": 600000000000,
                                "delete": 600000000000
                            }
                        },
                        "tainted": false
                    },
                    "deposed": [],
                    "provider": "provider.openstack"
                },
                "openstack_blockstorage_volume_v2.beeond_volume_compute.1": {
                    "type": "openstack_blockstorage_volume_v2",
                    "depends_on": [],
                    "primary": {
                        "id": "9773f69f-ecdb-4357-be52-5b1cfe19f5c4",
                        "attributes": {
                            "attachment.#": "0",
                            "availability_zone": "nova",
                            "description": "",
                            "id": "9773f69f-ecdb-4357-be52-5b1cfe19f5c4",
                            "metadata.%": "0",
                            "name": "unicore-beeond_volume_compute-1",
                            "region": "RegionOne",
                            "size": "10",
                            "snapshot_id": "",
                            "source_vol_id": "",
                            "volume_type": "quobyte_hdd"
                        },
                        "meta": {
                            "e2bfb730-ecaa-11e6-8f88-34363bc7c4c0": {
                                "create": 600000000000,
                                "delete": 600000000000
                            }
                        },
                        "tainted": false
                    },
                    "deposed": [],
                    "provider": "provider.openstack"
                },
                "openstack_blockstorage_volume_v2.beeond_volume_master": {
                    "type": "openstack_blockstorage_volume_v2",
                    "depends_on": [],
                    "primary": {
                        "id": "0e6ba606-3c0b-435c-a02e-973befb16844",
                        "attributes": {
                            "attachment.#": "0",
                            "availability_zone": "nova",
                            "description": "",
                            "id": "0e6ba606-3c0b-435c-a02e-973befb16844",
                            "metadata.%": "0",
                            "name": "unicore-beeond_volume_master",
                            "region": "RegionOne",
                            "size": "10",
                            "snapshot_id": "",
                            "source_vol_id": "",
                            "volume_type": "quobyte_hdd"
                        },
                        "meta": {
                            "e2bfb730-ecaa-11e6-8f88-34363bc7c4c0": {
                                "create": 600000000000,
                                "delete": 600000000000
                            }
                        },
                        "tainted": false
                    },
                    "deposed": [],
                    "provider": "provider.openstack"
                },
                "openstack_compute_instance_v2.compute.0": {
                    "type": "openstack_compute_instance_v2",
                    "depends_on": [
                        "openstack_blockstorage_volume_v2.beeond_volume_compute",
                        "openstack_blockstorage_volume_v2.beeond_volume_compute.1",
                        "openstack_images_image_v2.vuc-image-compute",
                        "tls_private_key.internal_connection_key"
                    ],
                    "primary": {
                        "id": "5474d0cd-1750-492d-b7e1-deb1e41accbd",
                        "attributes": {
                            "access_ip_v4": "193.196.20.81",
                            "access_ip_v6": "",
                            "all_metadata.%": "0",
                            "availability_zone": "nova",
                            "block_device.#": "2",
                            "block_device.0.boot_index": "0",
                            "block_device.0.delete_on_termination": "true",
                            "block_device.0.destination_type": "local",
                            "block_device.0.device_type": "",
                            "block_device.0.disk_bus": "",
                            "block_device.0.guest_format": "",
                            "block_device.0.source_type": "image",
                            "block_device.0.uuid": "2003d967-4e89-41ba-b577-a7968616af36",
                            "block_device.0.volume_size": "0",
                            "block_device.1.boot_index": "-1",
                            "block_device.1.delete_on_termination": "true",
                            "block_device.1.destination_type": "volume",
                            "block_device.1.device_type": "",
                            "block_device.1.disk_bus": "",
                            "block_device.1.guest_format": "",
                            "block_device.1.source_type": "volume",
                            "block_device.1.uuid": "3efc5c25-3d4c-4664-a735-663b10adfd3b",
                            "block_device.1.volume_size": "0",
                            "flavor_id": "6026e00d-d8b8-4c6b-9c1f-82461d549160",
                            "flavor_name": "de.NBI small disc",
                            "force_delete": "false",
                            "id": "5474d0cd-1750-492d-b7e1-deb1e41accbd",
                            "image_id": "2003d967-4e89-41ba-b577-a7968616af36",
                            "image_name": "unicore_compute_centos",
                            "key_pair": "maximilian-demo",
                            "name": "unicore-compute-node-0",
                            "network.#": "1",
                            "network.0.access_network": "false",
                            "network.0.fixed_ip_v4": "193.196.20.81",
                            "network.0.fixed_ip_v6": "",
                            "network.0.floating_ip": "",
                            "network.0.mac": "fa:16:3e:e8:f3:4c",
                            "network.0.name": "denbi_uni_tuebingen_external",
                            "network.0.port": "",
                            "network.0.uuid": "c8f3016f-c451-4aaa-915b-6704d2a6a97e",
                            "power_state": "active",
                            "region": "RegionOne",
                            "security_groups.#": "1",
                            "security_groups.1924906370": "virtual-unicore-cluster-public",
                            "stop_before_destroy": "false"
                        },
                        "meta": {
                            "e2bfb730-ecaa-11e6-8f88-34363bc7c4c0": {
                                "create": 1800000000000,
                                "delete": 1800000000000,
                                "update": 1800000000000
                            }
                        },
                        "tainted": false
                    },
                    "deposed": [],
                    "provider": "provider.openstack"
                },
                "openstack_compute_instance_v2.compute.1": {
                    "type": "openstack_compute_instance_v2",
                    "depends_on": [
                        "openstack_blockstorage_volume_v2.beeond_volume_compute",
                        "openstack_blockstorage_volume_v2.beeond_volume_compute.1",
                        "openstack_images_image_v2.vuc-image-compute",
                        "tls_private_key.internal_connection_key"
                    ],
                    "primary": {
                        "id": "69bb5484-b6af-4ac9-a365-673c82556bdc",
                        "attributes": {
                            "access_ip_v4": "193.196.20.97",
                            "access_ip_v6": "",
                            "all_metadata.%": "0",
                            "availability_zone": "nova",
                            "block_device.#": "2",
                            "block_device.0.boot_index": "0",
                            "block_device.0.delete_on_termination": "true",
                            "block_device.0.destination_type": "local",
                            "block_device.0.device_type": "",
                            "block_device.0.disk_bus": "",
                            "block_device.0.guest_format": "",
                            "block_device.0.source_type": "image",
                            "block_device.0.uuid": "2003d967-4e89-41ba-b577-a7968616af36",
                            "block_device.0.volume_size": "0",
                            "block_device.1.boot_index": "-1",
                            "block_device.1.delete_on_termination": "true",
                            "block_device.1.destination_type": "volume",
                            "block_device.1.device_type": "",
                            "block_device.1.disk_bus": "",
                            "block_device.1.guest_format": "",
                            "block_device.1.source_type": "volume",
                            "block_device.1.uuid": "9773f69f-ecdb-4357-be52-5b1cfe19f5c4",
                            "block_device.1.volume_size": "0",
                            "flavor_id": "6026e00d-d8b8-4c6b-9c1f-82461d549160",
                            "flavor_name": "de.NBI small disc",
                            "force_delete": "false",
                            "id": "69bb5484-b6af-4ac9-a365-673c82556bdc",
                            "image_id": "2003d967-4e89-41ba-b577-a7968616af36",
                            "image_name": "unicore_compute_centos",
                            "key_pair": "maximilian-demo",
                            "name": "unicore-compute-node-1",
                            "network.#": "1",
                            "network.0.access_network": "false",
                            "network.0.fixed_ip_v4": "193.196.20.97",
                            "network.0.fixed_ip_v6": "",
                            "network.0.floating_ip": "",
                            "network.0.mac": "fa:16:3e:33:a3:a8",
                            "network.0.name": "denbi_uni_tuebingen_external",
                            "network.0.port": "",
                            "network.0.uuid": "c8f3016f-c451-4aaa-915b-6704d2a6a97e",
                            "power_state": "active",
                            "region": "RegionOne",
                            "security_groups.#": "1",
                            "security_groups.1924906370": "virtual-unicore-cluster-public",
                            "stop_before_destroy": "false"
                        },
                        "meta": {
                            "e2bfb730-ecaa-11e6-8f88-34363bc7c4c0": {
                                "create": 1800000000000,
                                "delete": 1800000000000,
                                "update": 1800000000000
                            }
                        },
                        "tainted": false
                    },
                    "deposed": [],
                    "provider": "provider.openstack"
                },
                "openstack_compute_instance_v2.master": {
                    "type": "openstack_compute_instance_v2",
                    "depends_on": [
                        "openstack_blockstorage_volume_v2.beeond_volume_master",
                        "openstack_compute_instance_v2.compute",
                        "openstack_compute_instance_v2.compute.1",
                        "openstack_images_image_v2.vuc-image-master",
                        "tls_private_key.internal_connection_key"
                    ],
                    "primary": {
                        "id": "5753c797-1d70-4a7f-84bc-ca5aac035423",
                        "attributes": {
                            "access_ip_v4": "193.196.20.120",
                            "access_ip_v6": "",
                            "all_metadata.%": "0",
                            "availability_zone": "nova",
                            "block_device.#": "2",
                            "block_device.0.boot_index": "0",
                            "block_device.0.delete_on_termination": "true",
                            "block_device.0.destination_type": "local",
                            "block_device.0.device_type": "",
                            "block_device.0.disk_bus": "",
                            "block_device.0.guest_format": "",
                            "block_device.0.source_type": "image",
                            "block_device.0.uuid": "a54ff1aa-46f7-4e5e-9074-9d8b7921a78c",
                            "block_device.0.volume_size": "0",
                            "block_device.1.boot_index": "-1",
                            "block_device.1.delete_on_termination": "true",
                            "block_device.1.destination_type": "volume",
                            "block_device.1.device_type": "",
                            "block_device.1.disk_bus": "",
                            "block_device.1.guest_format": "",
                            "block_device.1.source_type": "volume",
                            "block_device.1.uuid": "0e6ba606-3c0b-435c-a02e-973befb16844",
                            "block_device.1.volume_size": "0",
                            "flavor_id": "97964814-c0a8-490f-a928-cb5b0f46355c",
                            "flavor_name": "de.NBI default disc",
                            "force_delete": "false",
                            "id": "5753c797-1d70-4a7f-84bc-ca5aac035423",
                            "image_id": "a54ff1aa-46f7-4e5e-9074-9d8b7921a78c",
                            "image_name": "unicore_master_centos",
                            "key_pair": "maximilian-demo",
                            "name": "unicore-master",
                            "network.#": "1",
                            "network.0.access_network": "false",
                            "network.0.fixed_ip_v4": "193.196.20.120",
                            "network.0.fixed_ip_v6": "",
                            "network.0.floating_ip": "",
                            "network.0.mac": "fa:16:3e:1d:1c:98",
                            "network.0.name": "denbi_uni_tuebingen_external",
                            "network.0.port": "",
                            "network.0.uuid": "c8f3016f-c451-4aaa-915b-6704d2a6a97e",
                            "power_state": "active",
                            "region": "RegionOne",
                            "security_groups.#": "1",
                            "security_groups.1924906370": "virtual-unicore-cluster-public",
                            "stop_before_destroy": "false"
                        },
                        "meta": {
                            "e2bfb730-ecaa-11e6-8f88-34363bc7c4c0": {
                                "create": 1800000000000,
                                "delete": 1800000000000,
                                "update": 1800000000000
                            }
                        },
                        "tainted": false
                    },
                    "deposed": [],
                    "provider": "provider.openstack"
                },
                "openstack_images_image_v2.vuc-image-compute": {
                    "type": "openstack_images_image_v2",
                    "depends_on": [],
                    "primary": {
                        "id": "2003d967-4e89-41ba-b577-a7968616af36",
                        "attributes": {
                            "checksum": "4e19b60bb8a7d3285ddb25d31090cb00",
                            "container_format": "bare",
                            "created_at": "2019-06-21T08:50:48Z",
                            "disk_format": "qcow2",
                            "file": "/v2/images/2003d967-4e89-41ba-b577-a7968616af36/file",
                            "id": "2003d967-4e89-41ba-b577-a7968616af36",
                            "image_cache_path": "/home/mhanussek/.terraform/image_cache",
                            "image_source_url": "https://s3.denbi.uni-tuebingen.de/max/unicore_compute_centos.qcow2",
                            "metadata.%": "0",
                            "min_disk_gb": "0",
                            "min_ram_mb": "0",
                            "name": "unicore_compute_centos",
                            "owner": "0dd93dad7c534e81b4b72a7615f13156",
                            "properties.%": "0",
                            "protected": "false",
                            "region": "RegionOne",
                            "schema": "/v2/schemas/image",
                            "size_bytes": "2072313856",
                            "status": "active",
                            "tags.#": "0",
                            "update_at": "2019-06-21T08:52:15Z",
                            "updated_at": "2019-06-21T08:52:15Z",
                            "verify_checksum": "true",
                            "visibility": "private"
                        },
                        "meta": {
                            "e2bfb730-ecaa-11e6-8f88-34363bc7c4c0": {
                                "create": 1800000000000
                            }
                        },
                        "tainted": false
                    },
                    "deposed": [],
                    "provider": "provider.openstack"
                },
                "openstack_images_image_v2.vuc-image-master": {
                    "type": "openstack_images_image_v2",
                    "depends_on": [],
                    "primary": {
                        "id": "a54ff1aa-46f7-4e5e-9074-9d8b7921a78c",
                        "attributes": {
                            "checksum": "12a4eb00a6647f08624d9f4f2fa0541b",
                            "container_format": "bare",
                            "created_at": "2019-06-21T08:50:49Z",
                            "disk_format": "qcow2",
                            "file": "/v2/images/a54ff1aa-46f7-4e5e-9074-9d8b7921a78c/file",
                            "id": "a54ff1aa-46f7-4e5e-9074-9d8b7921a78c",
                            "image_cache_path": "/home/mhanussek/.terraform/image_cache",
                            "image_source_url": "https://s3.denbi.uni-tuebingen.de/max/unicore_master_centos.qcow2",
                            "metadata.%": "0",
                            "min_disk_gb": "0",
                            "min_ram_mb": "0",
                            "name": "unicore_master_centos",
                            "owner": "0dd93dad7c534e81b4b72a7615f13156",
                            "properties.%": "0",
                            "protected": "false",
                            "region": "RegionOne",
                            "schema": "/v2/schemas/image",
                            "size_bytes": "4726784000",
                            "status": "active",
                            "tags.#": "0",
                            "update_at": "2019-06-21T08:53:20Z",
                            "updated_at": "2019-06-21T08:53:20Z",
                            "verify_checksum": "true",
                            "visibility": "private"
                        },
                        "meta": {
                            "e2bfb730-ecaa-11e6-8f88-34363bc7c4c0": {
                                "create": 1800000000000
                            }
                        },
                        "tainted": false
                    },
                    "deposed": [],
                    "provider": "provider.openstack"
                },
                "openstack_networking_secgroup_rule_v2.egress-public-4": {
                    "type": "openstack_networking_secgroup_rule_v2",
                    "depends_on": [
                        "openstack_networking_secgroup_v2.virtual-unicore-cluster-public"
                    ],
                    "primary": {
                        "id": "e42b5941-7357-4494-b8db-e26775e15625",
                        "attributes": {
                            "description": "",
                            "direction": "egress",
                            "ethertype": "IPv4",
                            "id": "e42b5941-7357-4494-b8db-e26775e15625",
                            "port_range_max": "0",
                            "port_range_min": "0",
                            "protocol": "",
                            "region": "RegionOne",
                            "remote_group_id": "",
                            "remote_ip_prefix": "",
                            "security_group_id": "7c963fb4-50e9-4575-8082-b4c8d50cd882",
                            "tenant_id": "0dd93dad7c534e81b4b72a7615f13156"
                        },
                        "meta": {
                            "e2bfb730-ecaa-11e6-8f88-34363bc7c4c0": {
                                "delete": 600000000000
                            }
                        },
                        "tainted": false
                    },
                    "deposed": [],
                    "provider": "provider.openstack"
                },
                "openstack_networking_secgroup_rule_v2.egress-public-6": {
                    "type": "openstack_networking_secgroup_rule_v2",
                    "depends_on": [
                        "openstack_networking_secgroup_v2.virtual-unicore-cluster-public"
                    ],
                    "primary": {
                        "id": "dc0ac867-8d3d-446c-8d0c-586e62c1891b",
                        "attributes": {
                            "description": "",
                            "direction": "egress",
                            "ethertype": "IPv6",
                            "id": "dc0ac867-8d3d-446c-8d0c-586e62c1891b",
                            "port_range_max": "0",
                            "port_range_min": "0",
                            "protocol": "",
                            "region": "RegionOne",
                            "remote_group_id": "",
                            "remote_ip_prefix": "",
                            "security_group_id": "7c963fb4-50e9-4575-8082-b4c8d50cd882",
                            "tenant_id": "0dd93dad7c534e81b4b72a7615f13156"
                        },
                        "meta": {
                            "e2bfb730-ecaa-11e6-8f88-34363bc7c4c0": {
                                "delete": 600000000000
                            }
                        },
                        "tainted": false
                    },
                    "deposed": [],
                    "provider": "provider.openstack"
                },
                "openstack_networking_secgroup_rule_v2.ingress-public-4": {
                    "type": "openstack_networking_secgroup_rule_v2",
                    "depends_on": [
                        "openstack_networking_secgroup_v2.virtual-unicore-cluster-public"
                    ],
                    "primary": {
                        "id": "ed26fe25-f01f-49fd-98bd-537540d9740d",
                        "attributes": {
                            "description": "",
                            "direction": "ingress",
                            "ethertype": "IPv4",
                            "id": "ed26fe25-f01f-49fd-98bd-537540d9740d",
                            "port_range_max": "0",
                            "port_range_min": "0",
                            "protocol": "",
                            "region": "RegionOne",
                            "remote_group_id": "",
                            "remote_ip_prefix": "",
                            "security_group_id": "7c963fb4-50e9-4575-8082-b4c8d50cd882",
                            "tenant_id": "0dd93dad7c534e81b4b72a7615f13156"
                        },
                        "meta": {
                            "e2bfb730-ecaa-11e6-8f88-34363bc7c4c0": {
                                "delete": 600000000000
                            }
                        },
                        "tainted": false
                    },
                    "deposed": [],
                    "provider": "provider.openstack"
                },
                "openstack_networking_secgroup_v2.virtual-unicore-cluster-public": {
                    "type": "openstack_networking_secgroup_v2",
                    "depends_on": [],
                    "primary": {
                        "id": "7c963fb4-50e9-4575-8082-b4c8d50cd882",
                        "attributes": {
                            "all_tags.#": "0",
                            "delete_default_rules": "true",
                            "description": "Allow any incoming connection",
                            "id": "7c963fb4-50e9-4575-8082-b4c8d50cd882",
                            "name": "virtual-unicore-cluster-public",
                            "region": "RegionOne",
                            "tags.#": "0",
                            "tenant_id": "0dd93dad7c534e81b4b72a7615f13156"
                        },
                        "meta": {
                            "e2bfb730-ecaa-11e6-8f88-34363bc7c4c0": {
                                "delete": 600000000000
                            }
                        },
                        "tainted": false
                    },
                    "deposed": [],
                    "provider": "provider.openstack"
                },
                "tls_private_key.internal_connection_key": {
                    "type": "tls_private_key",
                    "depends_on": [],
                    "primary": {
                        "id": "af4acb6ae86fa9b3f2d50a9868eeef6e14958e3a",
                        "attributes": {
                            "algorithm": "RSA",
                            "ecdsa_curve": "P224",
                            "id": "af4acb6ae86fa9b3f2d50a9868eeef6e14958e3a",
                            "private_key_pem": "-----BEGIN RSA PRIVATE KEY-----\nMIIJKgIBAAKCAgEA6UIVdQ3bdzIxYY5WYE9N/Vo4kR+Af7AFaH6wW9CZyWwswdJ3\njfEXfl5evd4phOGrMldC2k5R7BDaPPBnrcrdIzC1sVjy01h3CO9Hu2Rv4RuZBBig\n6U+tDwHEaY7VzRW3MZZU09QyGgj3LEIv8GTmBAHOSBU12Slqp8uOOogM6QPeoS1H\nDC7qg0ayqhPcuj0VEX6KigJmeUQBiXMIFwplKPWwmKhAv0mrNzcElCrra6nyO0id\nxtt8iaJNWo7ku6G44mmbDGQqpNaLBpfEOShUhNjXzzo5Qzb41C5hOp8N/hI/+gqx\n4oa9sUXtTVdLI9okT9iGkDxqvGUNF3DecFykjvHdF0GYD11LveaE0QweZnoMaEIo\nD50rDdDv5M9hCkJc9YDtsZAQsKAbZVa2Abzgz93A5DUJEsC38nC4BO/gK/BepobU\nDqgr871VxTIPECYDkrPrH+6szSpEjdkjPZReu6q9q3YkjOxuQdMJRU4SR/DaO+73\nstWJOtzKrs9De0eObu+0bVHvgaRUN8ZfOtX9V+K+DE0I/IiM2AT//RanB0/2DuY5\nTNoDr7U80KknwaWMhUvaKa4JS9fSDUnKjltEhazr+aGW46ZzxXYxB3XBD3p1CgDc\n9Jrm13uxg0u/urH17P+vRmxN0+VqN7FsZO0MTranukJgYqy1ny0d0nxxzZsCAwEA\nAQKCAgEAqQWiyMQ20IOFdtyOSJGOwNQcg0Rhd6UT9ik/H/jjRypksDoTOb6GuKIn\nYsvWKBziUcMbhVcVU8rOaTQG3M9QOIy2TAFZS74h206QGwDndSXrViWGjCmZDHPK\nYHcJA+gFbCAz7Z8ogucWPHLli/uBFUw9rsv3zhmN2HLO6Cjnuf182CwX/IMOmfuj\nwUxNOILEfn3EY8bjfGHD/1ZkeVWmAe0ufyAEctguAf+TCM6k8sod5clz0sH+1zjN\ndp5urmu8rgu6N1tp7zIrYaadoJFR1UXP87CMB+GQoyfMeo8As6eDxmrzhWL/l7JF\nBzMHFr6ea2FJ+MBe048h0meON7tZ3XzBMd880g1FlqllEWtKoL3taP3rUIuXCaSJ\nLVd0KiMB8mcSbQEUvi858WmSTev4jwJCsQVhNQd0Sqsx4So03QhRcjZ59wR1AHSP\n/mH44VcgH+obsoJ90uwfBJKUdRpIQAhn3n78e23cuatkQsnucNRj63Tc2gS+U3De\n8wNwwxEEC+TLUbr8/lwV4+B4eRnHm6F7GpoNX0w/Boz/zmYzaSqc3bQxpM/2zErc\nO310mgeJfOFMSPsk41mB39WHPxAcslp8gDy0u2ICC743LdI1P4zAGHY5Amq0u7rO\nKSjl8mhjCwX07v5dGAEujr8JCQi7UOP0Kot8Sz31BqRgQTqKhhkCggEBAPiAPcOT\naptH5gDd+QMSKDxt1mFXl4lBms3SzBDlXIaWk3bl5YaE8lVbwpofMk2fJj5uYktq\nXl0hvPd7HK4d43SwpehgINsAUxlTLrITn8VqLJhajJr5yX53BdLzKPZY+n5YnY/j\nqXYbrir856a/VDOt8lfVZzbUn0mIjsGVrSTsIVp58x4RLE7L3U+C1361JDxve59Y\n27pomT5A8v4adCvfgoOEIw7TD0d29fYa9RzFbCi7d29kGkU6VscOz7JUItcw/cd+\nJgMHOybgzHahGSu8OnR+d2kC2h2E1b8a1XAFfbklbqi5zetYVs2/c6YoMesFv5eR\n3OjzKYZlR/4XUa8CggEBAPBMFiFSKR2jPfGLjTnyYjcjkfZwtKznIUfD9jPLFK9A\neEabX34Lzy0HYfxmjibGkMhq2bddzFNdRXs9hRVSswTcNtbZgO2bNeVcAm2BuyAE\nDzliB1b0FsKL8E3xjMRgJP7KLevM9tWoGmWbp9hXM4c9fBS/NYwQAaRgi7F6K47F\nchb6AGGkgVPOZo8jiYAhDVe6Tx79hrgJsm8lJJi90+vQbJXbvT4rtt9JsXvPjshm\n0VFYLnHTVIYgyU+0UYy9zsydkA7VkQayfHnPEu4/AjRwTIqQ6RCUm+aU+lF/HZ8E\ns5pah1q3qNAZm/G4NW7d5MSph2TWBcFX1rFfnMTrWdUCggEBAIh9/+7VoN+rrTTa\nt3StW3ZdqjwLXYuhgkL9PuMk6B5wxIyxF9I8YdLqtMfszLd/7ASsosbjpPMond+d\nOpKUjiPBB0/MxR8lXX9yhhp/1ukbOWVxjvtsqfURsRw+PUiadPRC/kBTfvgFmjO4\neBDJ1JkSOSNvbuLaBKfiHu9LpC+8l1FX3GaubhTVuzh6GJ1bJ40eett6di48V7eu\n+wkBRL/4Y3qTcKIq4aCSQeUsx2dHNPJmjeKcLCXMNm/dvc0ok355RVt2+a/+H8pp\n/URHlkjEeaMU98exLla6aKEwPv3ptjWkztRUQju7aOpX91DTkR+TJ7o7/wfgz/Um\n2lVBP7cCggEAY0XbwqpRyCe/mIGht7XWM5djXt+TFPdrvV1M4nrcscY9qlXYLpes\nYJrzNTYdNhHEkLfr+CAtIKeg49g3meaPhMuBcGNtKzx7GKVZb2owJ3rl2zwPcjHn\nETqE7X6EPEDIJ+bY79i+hOgs95tFzU/BPvb8wwl3ksSuGP212H1zb0lM6AcijzRK\nJZhYsHvq+18sRvj2ZQQyWufOqrI6m0uZOIvjwEmGth+TLk4gn9jQ0SQBB80Zavb2\nrW7wHBiPtEhaHhheAnLitlSYri4JURoAzC80v+48CxiKC8myXGbaku57UKJj1uuX\nN1nNHiCPGp1bPJAZGmR8/jJOxPqOJqBgfQKCAQEAqKWA0cAmU+FAhzcnE2UXAl1c\neR+tA7mM2FY0V4cqGeUuji3ti5to+t7+e/KsSPly/zBPBWQQVu3HR6AQg7FF7N2q\npJmbgO2XmDiknNru8yXEfXdyqt+kHoV/hrdVLOGPrKFsc5NcpLObCDj3Gnz6Yv2Q\nov92uxjGx5IPEnWcOIjDx8wtgPHizTSwIbR0W+caiQrxjp5egio4GSaSgJssWm4x\nZX1TZPvEDmaPszFlNBH8nIoVaBs6pYCJk/k7Fv3D2N+waiCbkUr1VPhmfpahsE0O\nDP72slw9DvnfeEIZwgCAYF1C+d3NeIPt82+s8LKWiShh0LjAKbX5lzS35mRCpA==\n-----END RSA PRIVATE KEY-----\n",
                            "public_key_fingerprint_md5": "54:af:fc:18:ff:1b:6a:1e:70:92:39:2f:3b:05:3e:50",
                            "public_key_openssh": "ssh-rsa AAAAB3NzaC1yc2EAAAADAQABAAACAQDpQhV1Ddt3MjFhjlZgT039WjiRH4B/sAVofrBb0JnJbCzB0neN8Rd+Xl693imE4asyV0LaTlHsENo88Getyt0jMLWxWPLTWHcI70e7ZG/hG5kEGKDpT60PAcRpjtXNFbcxllTT1DIaCPcsQi/wZOYEAc5IFTXZKWqny446iAzpA96hLUcMLuqDRrKqE9y6PRURfoqKAmZ5RAGJcwgXCmUo9bCYqEC/Sas3NwSUKutrqfI7SJ3G23yJok1ajuS7objiaZsMZCqk1osGl8Q5KFSE2NfPOjlDNvjULmE6nw3+Ej/6CrHihr2xRe1NV0sj2iRP2IaQPGq8ZQ0XcN5wXKSO8d0XQZgPXUu95oTRDB5megxoQigPnSsN0O/kz2EKQlz1gO2xkBCwoBtlVrYBvODP3cDkNQkSwLfycLgE7+Ar8F6mhtQOqCvzvVXFMg8QJgOSs+sf7qzNKkSN2SM9lF67qr2rdiSM7G5B0wlFThJH8No77vey1Yk63Mquz0N7R45u77RtUe+BpFQ3xl861f1X4r4MTQj8iIzYBP/9FqcHT/YO5jlM2gOvtTzQqSfBpYyFS9oprglL19INScqOW0SFrOv5oZbjpnPFdjEHdcEPenUKANz0mubXe7GDS7+6sfXs/69GbE3T5Wo3sWxk7QxOtqe6QmBirLWfLR3SfHHNmw==\n",
                            "public_key_pem": "-----BEGIN PUBLIC KEY-----\nMIICIjANBgkqhkiG9w0BAQEFAAOCAg8AMIICCgKCAgEA6UIVdQ3bdzIxYY5WYE9N\n/Vo4kR+Af7AFaH6wW9CZyWwswdJ3jfEXfl5evd4phOGrMldC2k5R7BDaPPBnrcrd\nIzC1sVjy01h3CO9Hu2Rv4RuZBBig6U+tDwHEaY7VzRW3MZZU09QyGgj3LEIv8GTm\nBAHOSBU12Slqp8uOOogM6QPeoS1HDC7qg0ayqhPcuj0VEX6KigJmeUQBiXMIFwpl\nKPWwmKhAv0mrNzcElCrra6nyO0idxtt8iaJNWo7ku6G44mmbDGQqpNaLBpfEOShU\nhNjXzzo5Qzb41C5hOp8N/hI/+gqx4oa9sUXtTVdLI9okT9iGkDxqvGUNF3DecFyk\njvHdF0GYD11LveaE0QweZnoMaEIoD50rDdDv5M9hCkJc9YDtsZAQsKAbZVa2Abzg\nz93A5DUJEsC38nC4BO/gK/BepobUDqgr871VxTIPECYDkrPrH+6szSpEjdkjPZRe\nu6q9q3YkjOxuQdMJRU4SR/DaO+73stWJOtzKrs9De0eObu+0bVHvgaRUN8ZfOtX9\nV+K+DE0I/IiM2AT//RanB0/2DuY5TNoDr7U80KknwaWMhUvaKa4JS9fSDUnKjltE\nhazr+aGW46ZzxXYxB3XBD3p1CgDc9Jrm13uxg0u/urH17P+vRmxN0+VqN7FsZO0M\nTranukJgYqy1ny0d0nxxzZsCAwEAAQ==\n-----END PUBLIC KEY-----\n",
                            "rsa_bits": "4096"
                        },
                        "meta": {},
                        "tainted": false
                    },
                    "deposed": [],
                    "provider": "provider.tls"
                }
            },
            "depends_on": []
        }
    ]
}
