{
    "version": 3,
    "terraform_version": "0.11.13",
    "serial": 5,
    "lineage": "78917386-4f34-13e2-3875-d3950485655b",
    "modules": [
        {
            "path": [
                "root"
            ],
            "outputs": {},
            "resources": {
                "openstack_blockstorage_volume_v2.beeond_volume_compute.0": {
                    "type": "openstack_blockstorage_volume_v2",
                    "depends_on": [],
                    "primary": {
                        "id": "a70ba0ad-8ed4-4c84-b088-917df1d2c353",
                        "attributes": {
                            "attachment.#": "0",
                            "availability_zone": "nova",
                            "description": "",
                            "id": "a70ba0ad-8ed4-4c84-b088-917df1d2c353",
                            "metadata.%": "0",
                            "name": "vuc-beeond_volume_compute-0",
                            "region": "RegionOne",
                            "size": "10",
                            "snapshot_id": "",
                            "source_vol_id": "",
                            "volume_type": "quobyte_hdd"
                        },
                        "meta": {
                            "e2bfb730-ecaa-11e6-8f88-34363bc7c4c0": {
                                "create": 600000000000,
                                "delete": 600000000000
                            }
                        },
                        "tainted": false
                    },
                    "deposed": [],
                    "provider": "provider.openstack"
                },
                "openstack_blockstorage_volume_v2.beeond_volume_compute.1": {
                    "type": "openstack_blockstorage_volume_v2",
                    "depends_on": [],
                    "primary": {
                        "id": "ed5de3d0-cdb1-4b17-9bf9-30864516dcc1",
                        "attributes": {
                            "attachment.#": "0",
                            "availability_zone": "nova",
                            "description": "",
                            "id": "ed5de3d0-cdb1-4b17-9bf9-30864516dcc1",
                            "metadata.%": "0",
                            "name": "vuc-beeond_volume_compute-1",
                            "region": "RegionOne",
                            "size": "10",
                            "snapshot_id": "",
                            "source_vol_id": "",
                            "volume_type": "quobyte_hdd"
                        },
                        "meta": {
                            "e2bfb730-ecaa-11e6-8f88-34363bc7c4c0": {
                                "create": 600000000000,
                                "delete": 600000000000
                            }
                        },
                        "tainted": false
                    },
                    "deposed": [],
                    "provider": "provider.openstack"
                },
                "openstack_blockstorage_volume_v2.beeond_volume_master": {
                    "type": "openstack_blockstorage_volume_v2",
                    "depends_on": [],
                    "primary": {
                        "id": "9496e863-5abb-403e-b234-95bd12ed70e2",
                        "attributes": {
                            "attachment.#": "1",
                            "attachment.1574779841.device": "/dev/vdb",
                            "attachment.1574779841.id": "9496e863-5abb-403e-b234-95bd12ed70e2",
                            "attachment.1574779841.instance_id": "351622eb-b1da-43c8-b226-277c98aa9b2b",
                            "availability_zone": "nova",
                            "description": "",
                            "id": "9496e863-5abb-403e-b234-95bd12ed70e2",
                            "metadata.%": "2",
                            "metadata.attached_mode": "rw",
                            "metadata.readonly": "False",
                            "name": "vuc-beeond_volume_master",
                            "region": "RegionOne",
                            "size": "10",
                            "snapshot_id": "",
                            "source_vol_id": "",
                            "volume_type": "quobyte_hdd"
                        },
                        "meta": {
                            "e2bfb730-ecaa-11e6-8f88-34363bc7c4c0": {
                                "create": 600000000000,
                                "delete": 600000000000
                            }
                        },
                        "tainted": false
                    },
                    "deposed": [],
                    "provider": "provider.openstack"
                },
                "openstack_compute_instance_v2.compute.0": {
                    "type": "openstack_compute_instance_v2",
                    "depends_on": [
                        "openstack_blockstorage_volume_v2.beeond_volume_compute",
                        "openstack_blockstorage_volume_v2.beeond_volume_compute.1",
                        "openstack_compute_keypair_v2.my-cloud-key",
                        "openstack_images_image_v2.vuc-image-compute"
                    ],
                    "primary": {
                        "id": "b7de5ab6-beaa-4e54-8173-197669596b12",
                        "attributes": {
                            "access_ip_v4": "193.196.20.105",
                            "access_ip_v6": "",
                            "all_metadata.%": "0",
                            "availability_zone": "nova",
                            "block_device.#": "2",
                            "block_device.0.boot_index": "0",
                            "block_device.0.delete_on_termination": "true",
                            "block_device.0.destination_type": "local",
                            "block_device.0.device_type": "",
                            "block_device.0.disk_bus": "",
                            "block_device.0.guest_format": "",
                            "block_device.0.source_type": "image",
                            "block_device.0.uuid": "a3f0c9d4-2e8c-40fe-a61a-7162262127c3",
                            "block_device.0.volume_size": "0",
                            "block_device.1.boot_index": "-1",
                            "block_device.1.delete_on_termination": "true",
                            "block_device.1.destination_type": "volume",
                            "block_device.1.device_type": "",
                            "block_device.1.disk_bus": "",
                            "block_device.1.guest_format": "",
                            "block_device.1.source_type": "volume",
                            "block_device.1.uuid": "a70ba0ad-8ed4-4c84-b088-917df1d2c353",
                            "block_device.1.volume_size": "0",
                            "flavor_id": "97964814-c0a8-490f-a928-cb5b0f46355c",
                            "flavor_name": "de.NBI default disc",
                            "force_delete": "false",
                            "id": "b7de5ab6-beaa-4e54-8173-197669596b12",
                            "image_id": "a3f0c9d4-2e8c-40fe-a61a-7162262127c3",
                            "image_name": "unicore_compute_centos",
                            "key_pair": "vuc-cloud-key",
                            "name": "vuc-compute-node-0",
                            "network.#": "1",
                            "network.0.access_network": "false",
                            "network.0.fixed_ip_v4": "193.196.20.105",
                            "network.0.fixed_ip_v6": "",
                            "network.0.floating_ip": "",
                            "network.0.mac": "fa:16:3e:e5:29:ab",
                            "network.0.name": "denbi_uni_tuebingen_external",
                            "network.0.port": "",
                            "network.0.uuid": "c8f3016f-c451-4aaa-915b-6704d2a6a97e",
                            "power_state": "active",
                            "region": "RegionOne",
                            "security_groups.#": "1",
                            "security_groups.1924906370": "virtual-unicore-cluster-public",
                            "stop_before_destroy": "false"
                        },
                        "meta": {
                            "e2bfb730-ecaa-11e6-8f88-34363bc7c4c0": {
                                "create": 1800000000000,
                                "delete": 1800000000000,
                                "update": 1800000000000
                            }
                        },
                        "tainted": false
                    },
                    "deposed": [],
                    "provider": "provider.openstack"
                },
                "openstack_compute_instance_v2.compute.1": {
                    "type": "openstack_compute_instance_v2",
                    "depends_on": [
                        "openstack_blockstorage_volume_v2.beeond_volume_compute",
                        "openstack_blockstorage_volume_v2.beeond_volume_compute.1",
                        "openstack_compute_keypair_v2.my-cloud-key",
                        "openstack_images_image_v2.vuc-image-compute"
                    ],
                    "primary": {
                        "id": "fb5d22e0-2f93-4c5a-a712-b33bf8c460f1",
                        "attributes": {
                            "access_ip_v4": "193.196.20.95",
                            "access_ip_v6": "",
                            "all_metadata.%": "0",
                            "availability_zone": "nova",
                            "block_device.#": "2",
                            "block_device.0.boot_index": "0",
                            "block_device.0.delete_on_termination": "true",
                            "block_device.0.destination_type": "local",
                            "block_device.0.device_type": "",
                            "block_device.0.disk_bus": "",
                            "block_device.0.guest_format": "",
                            "block_device.0.source_type": "image",
                            "block_device.0.uuid": "a3f0c9d4-2e8c-40fe-a61a-7162262127c3",
                            "block_device.0.volume_size": "0",
                            "block_device.1.boot_index": "-1",
                            "block_device.1.delete_on_termination": "true",
                            "block_device.1.destination_type": "volume",
                            "block_device.1.device_type": "",
                            "block_device.1.disk_bus": "",
                            "block_device.1.guest_format": "",
                            "block_device.1.source_type": "volume",
                            "block_device.1.uuid": "ed5de3d0-cdb1-4b17-9bf9-30864516dcc1",
                            "block_device.1.volume_size": "0",
                            "flavor_id": "97964814-c0a8-490f-a928-cb5b0f46355c",
                            "flavor_name": "de.NBI default disc",
                            "force_delete": "false",
                            "id": "fb5d22e0-2f93-4c5a-a712-b33bf8c460f1",
                            "image_id": "a3f0c9d4-2e8c-40fe-a61a-7162262127c3",
                            "image_name": "unicore_compute_centos",
                            "key_pair": "vuc-cloud-key",
                            "name": "vuc-compute-node-1",
                            "network.#": "1",
                            "network.0.access_network": "false",
                            "network.0.fixed_ip_v4": "193.196.20.95",
                            "network.0.fixed_ip_v6": "",
                            "network.0.floating_ip": "",
                            "network.0.mac": "fa:16:3e:24:85:1b",
                            "network.0.name": "denbi_uni_tuebingen_external",
                            "network.0.port": "",
                            "network.0.uuid": "c8f3016f-c451-4aaa-915b-6704d2a6a97e",
                            "power_state": "active",
                            "region": "RegionOne",
                            "security_groups.#": "1",
                            "security_groups.1924906370": "virtual-unicore-cluster-public",
                            "stop_before_destroy": "false"
                        },
                        "meta": {
                            "e2bfb730-ecaa-11e6-8f88-34363bc7c4c0": {
                                "create": 1800000000000,
                                "delete": 1800000000000,
                                "update": 1800000000000
                            }
                        },
                        "tainted": false
                    },
                    "deposed": [],
                    "provider": "provider.openstack"
                },
                "openstack_compute_instance_v2.master": {
                    "type": "openstack_compute_instance_v2",
                    "depends_on": [
                        "openstack_blockstorage_volume_v2.beeond_volume_master",
                        "openstack_compute_keypair_v2.my-cloud-key",
                        "openstack_images_image_v2.vuc-image-master"
                    ],
                    "primary": {
                        "id": "351622eb-b1da-43c8-b226-277c98aa9b2b",
                        "attributes": {
                            "access_ip_v4": "193.196.20.101",
                            "access_ip_v6": "",
                            "all_metadata.%": "0",
                            "availability_zone": "nova",
                            "block_device.#": "2",
                            "block_device.0.boot_index": "0",
                            "block_device.0.delete_on_termination": "true",
                            "block_device.0.destination_type": "local",
                            "block_device.0.device_type": "",
                            "block_device.0.disk_bus": "",
                            "block_device.0.guest_format": "",
                            "block_device.0.source_type": "image",
                            "block_device.0.uuid": "ecf4796b-7283-4c39-af1d-3cd8ad27709b",
                            "block_device.0.volume_size": "0",
                            "block_device.1.boot_index": "-1",
                            "block_device.1.delete_on_termination": "true",
                            "block_device.1.destination_type": "volume",
                            "block_device.1.device_type": "",
                            "block_device.1.disk_bus": "",
                            "block_device.1.guest_format": "",
                            "block_device.1.source_type": "volume",
                            "block_device.1.uuid": "9496e863-5abb-403e-b234-95bd12ed70e2",
                            "block_device.1.volume_size": "0",
                            "flavor_id": "97964814-c0a8-490f-a928-cb5b0f46355c",
                            "flavor_name": "de.NBI default disc",
                            "force_delete": "false",
                            "id": "351622eb-b1da-43c8-b226-277c98aa9b2b",
                            "image_id": "ecf4796b-7283-4c39-af1d-3cd8ad27709b",
                            "image_name": "unicore_master_centos",
                            "key_pair": "vuc-cloud-key",
                            "name": "vuc-master",
                            "network.#": "1",
                            "network.0.access_network": "false",
                            "network.0.fixed_ip_v4": "193.196.20.101",
                            "network.0.fixed_ip_v6": "",
                            "network.0.floating_ip": "",
                            "network.0.mac": "fa:16:3e:28:83:b9",
                            "network.0.name": "denbi_uni_tuebingen_external",
                            "network.0.port": "",
                            "network.0.uuid": "c8f3016f-c451-4aaa-915b-6704d2a6a97e",
                            "power_state": "active",
                            "region": "RegionOne",
                            "security_groups.#": "1",
                            "security_groups.1924906370": "virtual-unicore-cluster-public",
                            "stop_before_destroy": "false"
                        },
                        "meta": {
                            "e2bfb730-ecaa-11e6-8f88-34363bc7c4c0": {
                                "create": 1800000000000,
                                "delete": 1800000000000,
                                "update": 1800000000000
                            }
                        },
                        "tainted": false
                    },
                    "deposed": [],
                    "provider": "provider.openstack"
                },
                "openstack_compute_keypair_v2.my-cloud-key": {
                    "type": "openstack_compute_keypair_v2",
                    "depends_on": [],
                    "primary": {
                        "id": "vuc-cloud-key",
                        "attributes": {
                            "fingerprint": "3d:11:d7:ad:76:57:1b:23:84:a9:d4:f3:80:c9:1b:01",
                            "id": "vuc-cloud-key",
                            "name": "vuc-cloud-key",
                            "private_key": "",
                            "public_key": "ssh-rsa AAAAB3NzaC1yc2EAAAADAQABAAABAQDGCoCJq3YLZSSIQWp9E8lHoS2Uyls66498ZcEqxJIGEP6gu+W9AAw7x0FBGlvnoHAw1wEsMbcihrTVLlU0r2VKtNVdvW26ACB01Y663IsiqrgtWChmLEWxOJE/8k3F+ZQ8aIjfYWr4O33IBItr32OP3lka/3wrLqOYh27JUcc3hvo+4KNdYoEso/P2bvvrL3jU/obB5iCtpI3QHpnA3fEHCuLK6A0J13cedcNJTWnm1O8aLo0NPdimqB4I82e1WfdflabJCVQjuWjA224zNakNdxa7T11aQJjJWKWLNL5nKrM+sjeUpcKzNeMDTIrPQpF/mqqkEM/sRgDKPgYZ/uqf",
                            "region": "RegionOne"
                        },
                        "meta": {},
                        "tainted": false
                    },
                    "deposed": [],
                    "provider": "provider.openstack"
                },
                "openstack_images_image_v2.vuc-image-compute": {
                    "type": "openstack_images_image_v2",
                    "depends_on": [],
                    "primary": {
                        "id": "a3f0c9d4-2e8c-40fe-a61a-7162262127c3",
                        "attributes": {
                            "checksum": "4e19b60bb8a7d3285ddb25d31090cb00",
                            "container_format": "bare",
                            "created_at": "2019-06-06T13:25:57Z",
                            "disk_format": "qcow2",
                            "file": "/v2/images/a3f0c9d4-2e8c-40fe-a61a-7162262127c3/file",
                            "id": "a3f0c9d4-2e8c-40fe-a61a-7162262127c3",
                            "image_cache_path": "/home/mhanussek/.terraform/image_cache",
                            "image_source_url": "https://s3.denbi.uni-tuebingen.de/max/unicore_compute_centos.qcow2",
                            "metadata.%": "0",
                            "min_disk_gb": "0",
                            "min_ram_mb": "0",
                            "name": "unicore_compute_centos",
                            "owner": "0dd93dad7c534e81b4b72a7615f13156",
                            "properties.%": "0",
                            "protected": "false",
                            "region": "RegionOne",
                            "schema": "/v2/schemas/image",
                            "size_bytes": "2072313856",
                            "status": "active",
                            "tags.#": "0",
                            "update_at": "2019-06-06T13:27:36Z",
                            "updated_at": "2019-06-06T13:27:36Z",
                            "verify_checksum": "true",
                            "visibility": "private"
                        },
                        "meta": {
                            "e2bfb730-ecaa-11e6-8f88-34363bc7c4c0": {
                                "create": 1800000000000
                            }
                        },
                        "tainted": false
                    },
                    "deposed": [],
                    "provider": "provider.openstack"
                },
                "openstack_images_image_v2.vuc-image-master": {
                    "type": "openstack_images_image_v2",
                    "depends_on": [],
                    "primary": {
                        "id": "ecf4796b-7283-4c39-af1d-3cd8ad27709b",
                        "attributes": {
                            "checksum": "12a4eb00a6647f08624d9f4f2fa0541b",
                            "container_format": "bare",
                            "created_at": "2019-06-06T13:25:57Z",
                            "disk_format": "qcow2",
                            "file": "/v2/images/ecf4796b-7283-4c39-af1d-3cd8ad27709b/file",
                            "id": "ecf4796b-7283-4c39-af1d-3cd8ad27709b",
                            "image_cache_path": "/home/mhanussek/.terraform/image_cache",
                            "image_source_url": "https://s3.denbi.uni-tuebingen.de/max/unicore_master_centos.qcow2",
                            "metadata.%": "0",
                            "min_disk_gb": "0",
                            "min_ram_mb": "0",
                            "name": "unicore_master_centos",
                            "owner": "0dd93dad7c534e81b4b72a7615f13156",
                            "properties.%": "0",
                            "protected": "false",
                            "region": "RegionOne",
                            "schema": "/v2/schemas/image",
                            "size_bytes": "4726784000",
                            "status": "active",
                            "tags.#": "0",
                            "update_at": "2019-06-06T13:28:47Z",
                            "updated_at": "2019-06-06T13:28:47Z",
                            "verify_checksum": "true",
                            "visibility": "private"
                        },
                        "meta": {
                            "e2bfb730-ecaa-11e6-8f88-34363bc7c4c0": {
                                "create": 1800000000000
                            }
                        },
                        "tainted": false
                    },
                    "deposed": [],
                    "provider": "provider.openstack"
                },
                "openstack_networking_secgroup_rule_v2.egress-public-4": {
                    "type": "openstack_networking_secgroup_rule_v2",
                    "depends_on": [
                        "openstack_networking_secgroup_v2.virtual-unicore-cluster-public"
                    ],
                    "primary": {
                        "id": "f87b6583-013f-4238-9f5d-313b9ae9a68f",
                        "attributes": {
                            "description": "",
                            "direction": "egress",
                            "ethertype": "IPv4",
                            "id": "f87b6583-013f-4238-9f5d-313b9ae9a68f",
                            "port_range_max": "0",
                            "port_range_min": "0",
                            "protocol": "",
                            "region": "RegionOne",
                            "remote_group_id": "",
                            "remote_ip_prefix": "",
                            "security_group_id": "83b5ce3d-aa62-4bf0-84fd-744712736bd9",
                            "tenant_id": "0dd93dad7c534e81b4b72a7615f13156"
                        },
                        "meta": {
                            "e2bfb730-ecaa-11e6-8f88-34363bc7c4c0": {
                                "delete": 600000000000
                            }
                        },
                        "tainted": false
                    },
                    "deposed": [],
                    "provider": "provider.openstack"
                },
                "openstack_networking_secgroup_rule_v2.egress-public-6": {
                    "type": "openstack_networking_secgroup_rule_v2",
                    "depends_on": [
                        "openstack_networking_secgroup_v2.virtual-unicore-cluster-public"
                    ],
                    "primary": {
                        "id": "f3690aba-8660-4429-b78d-8c851ae7366c",
                        "attributes": {
                            "description": "",
                            "direction": "egress",
                            "ethertype": "IPv6",
                            "id": "f3690aba-8660-4429-b78d-8c851ae7366c",
                            "port_range_max": "0",
                            "port_range_min": "0",
                            "protocol": "",
                            "region": "RegionOne",
                            "remote_group_id": "",
                            "remote_ip_prefix": "",
                            "security_group_id": "83b5ce3d-aa62-4bf0-84fd-744712736bd9",
                            "tenant_id": "0dd93dad7c534e81b4b72a7615f13156"
                        },
                        "meta": {
                            "e2bfb730-ecaa-11e6-8f88-34363bc7c4c0": {
                                "delete": 600000000000
                            }
                        },
                        "tainted": false
                    },
                    "deposed": [],
                    "provider": "provider.openstack"
                },
                "openstack_networking_secgroup_rule_v2.ingress-public-4": {
                    "type": "openstack_networking_secgroup_rule_v2",
                    "depends_on": [
                        "openstack_networking_secgroup_v2.virtual-unicore-cluster-public"
                    ],
                    "primary": {
                        "id": "3a3feefc-fa49-4e0a-86c5-7a9164cad664",
                        "attributes": {
                            "description": "",
                            "direction": "ingress",
                            "ethertype": "IPv4",
                            "id": "3a3feefc-fa49-4e0a-86c5-7a9164cad664",
                            "port_range_max": "0",
                            "port_range_min": "0",
                            "protocol": "",
                            "region": "RegionOne",
                            "remote_group_id": "",
                            "remote_ip_prefix": "",
                            "security_group_id": "83b5ce3d-aa62-4bf0-84fd-744712736bd9",
                            "tenant_id": "0dd93dad7c534e81b4b72a7615f13156"
                        },
                        "meta": {
                            "e2bfb730-ecaa-11e6-8f88-34363bc7c4c0": {
                                "delete": 600000000000
                            }
                        },
                        "tainted": false
                    },
                    "deposed": [],
                    "provider": "provider.openstack"
                },
                "openstack_networking_secgroup_v2.virtual-unicore-cluster-public": {
                    "type": "openstack_networking_secgroup_v2",
                    "depends_on": [],
                    "primary": {
                        "id": "83b5ce3d-aa62-4bf0-84fd-744712736bd9",
                        "attributes": {
                            "all_tags.#": "0",
                            "delete_default_rules": "true",
                            "description": "Allow any incoming connection",
                            "id": "83b5ce3d-aa62-4bf0-84fd-744712736bd9",
                            "name": "virtual-unicore-cluster-public",
                            "region": "RegionOne",
                            "tags.#": "0",
                            "tenant_id": "0dd93dad7c534e81b4b72a7615f13156"
                        },
                        "meta": {
                            "e2bfb730-ecaa-11e6-8f88-34363bc7c4c0": {
                                "delete": 600000000000
                            }
                        },
                        "tainted": false
                    },
                    "deposed": [],
                    "provider": "provider.openstack"
                }
            },
            "depends_on": []
        }
    ]
}
