{
    "version": 3,
    "terraform_version": "0.11.13",
    "serial": 2,
    "lineage": "751be471-3529-95b6-da27-2e98a6ba3eb0",
    "modules": [
        {
            "path": [
                "root"
            ],
            "outputs": {},
            "resources": {
                "openstack_compute_instance_v2.compute.0": {
                    "type": "openstack_compute_instance_v2",
                    "depends_on": [
                        "openstack_compute_keypair_v2.my-cloud-key",
                        "openstack_images_image_v2.vuc-image-compute"
                    ],
                    "primary": {
                        "id": "88ec4571-ac41-42fc-8744-cefa813731b7",
                        "attributes": {
                            "access_ip_v4": "193.196.20.101",
                            "access_ip_v6": "",
                            "all_metadata.%": "0",
                            "availability_zone": "nova",
                            "flavor_id": "97964814-c0a8-490f-a928-cb5b0f46355c",
                            "flavor_name": "de.NBI default disc",
                            "force_delete": "false",
                            "id": "88ec4571-ac41-42fc-8744-cefa813731b7",
                            "image_id": "277ecf54-1c1b-4acd-9feb-084049a6bab4",
                            "image_name": "unicore_compute_centos",
                            "key_pair": "vuc-cloud-key",
                            "name": "vuc-compute-node-0",
                            "network.#": "1",
                            "network.0.access_network": "false",
                            "network.0.fixed_ip_v4": "193.196.20.101",
                            "network.0.fixed_ip_v6": "",
                            "network.0.floating_ip": "",
                            "network.0.mac": "fa:16:3e:7c:7b:38",
                            "network.0.name": "denbi_uni_tuebingen_external",
                            "network.0.port": "",
                            "network.0.uuid": "c8f3016f-c451-4aaa-915b-6704d2a6a97e",
                            "power_state": "active",
                            "region": "RegionOne",
                            "security_groups.#": "1",
                            "security_groups.1924906370": "virtual-unicore-cluster-public",
                            "stop_before_destroy": "false"
                        },
                        "meta": {
                            "e2bfb730-ecaa-11e6-8f88-34363bc7c4c0": {
                                "create": 1800000000000,
                                "delete": 1800000000000,
                                "update": 1800000000000
                            }
                        },
                        "tainted": false
                    },
                    "deposed": [],
                    "provider": "provider.openstack"
                },
                "openstack_compute_instance_v2.compute.1": {
                    "type": "openstack_compute_instance_v2",
                    "depends_on": [
                        "openstack_compute_keypair_v2.my-cloud-key",
                        "openstack_images_image_v2.vuc-image-compute"
                    ],
                    "primary": {
                        "id": "c579c0a0-cd33-401a-a063-d52cb0337ece",
                        "attributes": {
                            "access_ip_v4": "193.196.20.95",
                            "access_ip_v6": "",
                            "all_metadata.%": "0",
                            "availability_zone": "nova",
                            "flavor_id": "97964814-c0a8-490f-a928-cb5b0f46355c",
                            "flavor_name": "de.NBI default disc",
                            "force_delete": "false",
                            "id": "c579c0a0-cd33-401a-a063-d52cb0337ece",
                            "image_id": "277ecf54-1c1b-4acd-9feb-084049a6bab4",
                            "image_name": "unicore_compute_centos",
                            "key_pair": "vuc-cloud-key",
                            "name": "vuc-compute-node-1",
                            "network.#": "1",
                            "network.0.access_network": "false",
                            "network.0.fixed_ip_v4": "193.196.20.95",
                            "network.0.fixed_ip_v6": "",
                            "network.0.floating_ip": "",
                            "network.0.mac": "fa:16:3e:0b:60:0b",
                            "network.0.name": "denbi_uni_tuebingen_external",
                            "network.0.port": "",
                            "network.0.uuid": "c8f3016f-c451-4aaa-915b-6704d2a6a97e",
                            "power_state": "active",
                            "region": "RegionOne",
                            "security_groups.#": "1",
                            "security_groups.1924906370": "virtual-unicore-cluster-public",
                            "stop_before_destroy": "false"
                        },
                        "meta": {
                            "e2bfb730-ecaa-11e6-8f88-34363bc7c4c0": {
                                "create": 1800000000000,
                                "delete": 1800000000000,
                                "update": 1800000000000
                            }
                        },
                        "tainted": false
                    },
                    "deposed": [],
                    "provider": "provider.openstack"
                },
                "openstack_compute_instance_v2.master": {
                    "type": "openstack_compute_instance_v2",
                    "depends_on": [
                        "openstack_compute_keypair_v2.my-cloud-key",
                        "openstack_images_image_v2.vuc-image-master"
                    ],
                    "primary": {
                        "id": "83389a0b-3762-438e-b813-2fff062e54ed",
                        "attributes": {
                            "access_ip_v4": "193.196.20.118",
                            "access_ip_v6": "",
                            "all_metadata.%": "0",
                            "availability_zone": "nova",
                            "flavor_id": "97964814-c0a8-490f-a928-cb5b0f46355c",
                            "flavor_name": "de.NBI default disc",
                            "force_delete": "false",
                            "id": "83389a0b-3762-438e-b813-2fff062e54ed",
                            "image_id": "136c948b-0239-4d2c-9e3d-34192be112fc",
                            "image_name": "unicore_master_centos",
                            "key_pair": "vuc-cloud-key",
                            "name": "vuc-master",
                            "network.#": "1",
                            "network.0.access_network": "false",
                            "network.0.fixed_ip_v4": "193.196.20.118",
                            "network.0.fixed_ip_v6": "",
                            "network.0.floating_ip": "",
                            "network.0.mac": "fa:16:3e:4c:a9:ef",
                            "network.0.name": "denbi_uni_tuebingen_external",
                            "network.0.port": "",
                            "network.0.uuid": "c8f3016f-c451-4aaa-915b-6704d2a6a97e",
                            "power_state": "active",
                            "region": "RegionOne",
                            "security_groups.#": "1",
                            "security_groups.1924906370": "virtual-unicore-cluster-public",
                            "stop_before_destroy": "false"
                        },
                        "meta": {
                            "e2bfb730-ecaa-11e6-8f88-34363bc7c4c0": {
                                "create": 1800000000000,
                                "delete": 1800000000000,
                                "update": 1800000000000
                            }
                        },
                        "tainted": false
                    },
                    "deposed": [],
                    "provider": "provider.openstack"
                },
                "openstack_compute_keypair_v2.my-cloud-key": {
                    "type": "openstack_compute_keypair_v2",
                    "depends_on": [],
                    "primary": {
                        "id": "vuc-cloud-key",
                        "attributes": {
                            "fingerprint": "3d:11:d7:ad:76:57:1b:23:84:a9:d4:f3:80:c9:1b:01",
                            "id": "vuc-cloud-key",
                            "name": "vuc-cloud-key",
                            "private_key": "",
                            "public_key": "ssh-rsa AAAAB3NzaC1yc2EAAAADAQABAAABAQDGCoCJq3YLZSSIQWp9E8lHoS2Uyls66498ZcEqxJIGEP6gu+W9AAw7x0FBGlvnoHAw1wEsMbcihrTVLlU0r2VKtNVdvW26ACB01Y663IsiqrgtWChmLEWxOJE/8k3F+ZQ8aIjfYWr4O33IBItr32OP3lka/3wrLqOYh27JUcc3hvo+4KNdYoEso/P2bvvrL3jU/obB5iCtpI3QHpnA3fEHCuLK6A0J13cedcNJTWnm1O8aLo0NPdimqB4I82e1WfdflabJCVQjuWjA224zNakNdxa7T11aQJjJWKWLNL5nKrM+sjeUpcKzNeMDTIrPQpF/mqqkEM/sRgDKPgYZ/uqf",
                            "region": "RegionOne"
                        },
                        "meta": {},
                        "tainted": false
                    },
                    "deposed": [],
                    "provider": "provider.openstack"
                },
                "openstack_images_image_v2.vuc-image-compute": {
                    "type": "openstack_images_image_v2",
                    "depends_on": [],
                    "primary": {
                        "id": "277ecf54-1c1b-4acd-9feb-084049a6bab4",
                        "attributes": {
                            "checksum": "4e19b60bb8a7d3285ddb25d31090cb00",
                            "container_format": "bare",
                            "created_at": "2019-06-06T10:02:04Z",
                            "disk_format": "qcow2",
                            "file": "/v2/images/277ecf54-1c1b-4acd-9feb-084049a6bab4/file",
                            "id": "277ecf54-1c1b-4acd-9feb-084049a6bab4",
                            "image_cache_path": "/home/mhanussek/.terraform/image_cache",
                            "image_source_url": "https://s3.denbi.uni-tuebingen.de/max/unicore_compute_centos.qcow2",
                            "metadata.%": "0",
                            "min_disk_gb": "0",
                            "min_ram_mb": "0",
                            "name": "unicore_compute_centos",
                            "owner": "0dd93dad7c534e81b4b72a7615f13156",
                            "properties.%": "0",
                            "protected": "false",
                            "region": "RegionOne",
                            "schema": "/v2/schemas/image",
                            "size_bytes": "2072313856",
                            "status": "active",
                            "tags.#": "0",
                            "update_at": "2019-06-06T10:07:32Z",
                            "updated_at": "2019-06-06T10:07:32Z",
                            "verify_checksum": "true",
                            "visibility": "private"
                        },
                        "meta": {
                            "e2bfb730-ecaa-11e6-8f88-34363bc7c4c0": {
                                "create": 1800000000000
                            }
                        },
                        "tainted": false
                    },
                    "deposed": [],
                    "provider": "provider.openstack"
                },
                "openstack_images_image_v2.vuc-image-master": {
                    "type": "openstack_images_image_v2",
                    "depends_on": [],
                    "primary": {
                        "id": "136c948b-0239-4d2c-9e3d-34192be112fc",
                        "attributes": {
                            "checksum": "12a4eb00a6647f08624d9f4f2fa0541b",
                            "container_format": "bare",
                            "created_at": "2019-06-06T10:02:03Z",
                            "disk_format": "qcow2",
                            "file": "/v2/images/136c948b-0239-4d2c-9e3d-34192be112fc/file",
                            "id": "136c948b-0239-4d2c-9e3d-34192be112fc",
                            "image_cache_path": "/home/mhanussek/.terraform/image_cache",
                            "image_source_url": "https://s3.denbi.uni-tuebingen.de/max/unicore_master_centos.qcow2",
                            "metadata.%": "0",
                            "min_disk_gb": "0",
                            "min_ram_mb": "0",
                            "name": "unicore_master_centos",
                            "owner": "0dd93dad7c534e81b4b72a7615f13156",
                            "properties.%": "0",
                            "protected": "false",
                            "region": "RegionOne",
                            "schema": "/v2/schemas/image",
                            "size_bytes": "4726784000",
                            "status": "active",
                            "tags.#": "0",
                            "update_at": "2019-06-06T10:08:56Z",
                            "updated_at": "2019-06-06T10:08:56Z",
                            "verify_checksum": "true",
                            "visibility": "private"
                        },
                        "meta": {
                            "e2bfb730-ecaa-11e6-8f88-34363bc7c4c0": {
                                "create": 1800000000000
                            }
                        },
                        "tainted": false
                    },
                    "deposed": [],
                    "provider": "provider.openstack"
                },
                "openstack_networking_secgroup_rule_v2.egress-public-4": {
                    "type": "openstack_networking_secgroup_rule_v2",
                    "depends_on": [
                        "openstack_networking_secgroup_v2.virtual-unicore-cluster-public"
                    ],
                    "primary": {
                        "id": "e566ce3c-c023-4c99-afa2-855d60de56c0",
                        "attributes": {
                            "description": "",
                            "direction": "egress",
                            "ethertype": "IPv4",
                            "id": "e566ce3c-c023-4c99-afa2-855d60de56c0",
                            "port_range_max": "0",
                            "port_range_min": "0",
                            "protocol": "",
                            "region": "RegionOne",
                            "remote_group_id": "",
                            "remote_ip_prefix": "",
                            "security_group_id": "db757c77-e0c2-4add-b04d-d3096601674e",
                            "tenant_id": "0dd93dad7c534e81b4b72a7615f13156"
                        },
                        "meta": {
                            "e2bfb730-ecaa-11e6-8f88-34363bc7c4c0": {
                                "delete": 600000000000
                            }
                        },
                        "tainted": false
                    },
                    "deposed": [],
                    "provider": "provider.openstack"
                },
                "openstack_networking_secgroup_rule_v2.egress-public-6": {
                    "type": "openstack_networking_secgroup_rule_v2",
                    "depends_on": [
                        "openstack_networking_secgroup_v2.virtual-unicore-cluster-public"
                    ],
                    "primary": {
                        "id": "78121b0f-0ad6-403f-ad05-b306279b5bde",
                        "attributes": {
                            "description": "",
                            "direction": "egress",
                            "ethertype": "IPv6",
                            "id": "78121b0f-0ad6-403f-ad05-b306279b5bde",
                            "port_range_max": "0",
                            "port_range_min": "0",
                            "protocol": "",
                            "region": "RegionOne",
                            "remote_group_id": "",
                            "remote_ip_prefix": "",
                            "security_group_id": "db757c77-e0c2-4add-b04d-d3096601674e",
                            "tenant_id": "0dd93dad7c534e81b4b72a7615f13156"
                        },
                        "meta": {
                            "e2bfb730-ecaa-11e6-8f88-34363bc7c4c0": {
                                "delete": 600000000000
                            }
                        },
                        "tainted": false
                    },
                    "deposed": [],
                    "provider": "provider.openstack"
                },
                "openstack_networking_secgroup_rule_v2.ingress-public-4": {
                    "type": "openstack_networking_secgroup_rule_v2",
                    "depends_on": [
                        "openstack_networking_secgroup_v2.virtual-unicore-cluster-public"
                    ],
                    "primary": {
                        "id": "433fc7eb-7cc3-4ce4-b5d0-cedc40557478",
                        "attributes": {
                            "description": "",
                            "direction": "ingress",
                            "ethertype": "IPv4",
                            "id": "433fc7eb-7cc3-4ce4-b5d0-cedc40557478",
                            "port_range_max": "0",
                            "port_range_min": "0",
                            "protocol": "",
                            "region": "RegionOne",
                            "remote_group_id": "",
                            "remote_ip_prefix": "",
                            "security_group_id": "db757c77-e0c2-4add-b04d-d3096601674e",
                            "tenant_id": "0dd93dad7c534e81b4b72a7615f13156"
                        },
                        "meta": {
                            "e2bfb730-ecaa-11e6-8f88-34363bc7c4c0": {
                                "delete": 600000000000
                            }
                        },
                        "tainted": false
                    },
                    "deposed": [],
                    "provider": "provider.openstack"
                },
                "openstack_networking_secgroup_v2.virtual-unicore-cluster-public": {
                    "type": "openstack_networking_secgroup_v2",
                    "depends_on": [],
                    "primary": {
                        "id": "db757c77-e0c2-4add-b04d-d3096601674e",
                        "attributes": {
                            "all_tags.#": "0",
                            "delete_default_rules": "true",
                            "description": "Allow any incoming connection",
                            "id": "db757c77-e0c2-4add-b04d-d3096601674e",
                            "name": "virtual-unicore-cluster-public",
                            "region": "RegionOne",
                            "tags.#": "0",
                            "tenant_id": "0dd93dad7c534e81b4b72a7615f13156"
                        },
                        "meta": {
                            "e2bfb730-ecaa-11e6-8f88-34363bc7c4c0": {
                                "delete": 600000000000
                            }
                        },
                        "tainted": false
                    },
                    "deposed": [],
                    "provider": "provider.openstack"
                }
            },
            "depends_on": []
        }
    ]
}
