{
    "version": 3,
    "terraform_version": "0.11.13",
    "serial": 9,
    "lineage": "b1b8a429-fe01-ecc6-aa54-01b076c04f87",
    "modules": [
        {
            "path": [
                "root"
            ],
            "outputs": {},
            "resources": {
                "openstack_blockstorage_volume_v2.beeond_volume_compute.0": {
                    "type": "openstack_blockstorage_volume_v2",
                    "depends_on": [],
                    "primary": {
                        "id": "3af06cda-16c4-41f6-a169-59964e23298e",
                        "attributes": {
                            "attachment.#": "1",
                            "attachment.3205133140.device": "/dev/vdb",
                            "attachment.3205133140.id": "3af06cda-16c4-41f6-a169-59964e23298e",
                            "attachment.3205133140.instance_id": "ec6501bb-5c49-4878-b3b1-188ad137b232",
                            "availability_zone": "nova",
                            "description": "",
                            "id": "3af06cda-16c4-41f6-a169-59964e23298e",
                            "metadata.%": "2",
                            "metadata.attached_mode": "rw",
                            "metadata.readonly": "False",
                            "name": "vuc-beeond_volume_compute-0",
                            "region": "RegionOne",
                            "size": "10",
                            "snapshot_id": "",
                            "source_vol_id": "",
                            "volume_type": "quobyte_hdd"
                        },
                        "meta": {
                            "e2bfb730-ecaa-11e6-8f88-34363bc7c4c0": {
                                "create": 600000000000,
                                "delete": 600000000000
                            }
                        },
                        "tainted": false
                    },
                    "deposed": [],
                    "provider": "provider.openstack"
                },
                "openstack_blockstorage_volume_v2.beeond_volume_compute.1": {
                    "type": "openstack_blockstorage_volume_v2",
                    "depends_on": [],
                    "primary": {
                        "id": "82db242f-290c-4919-810b-afeafa483323",
                        "attributes": {
                            "attachment.#": "1",
                            "attachment.289485526.device": "/dev/vdb",
                            "attachment.289485526.id": "82db242f-290c-4919-810b-afeafa483323",
                            "attachment.289485526.instance_id": "9339d30b-fdee-4be8-8455-d77ee759964f",
                            "availability_zone": "nova",
                            "description": "",
                            "id": "82db242f-290c-4919-810b-afeafa483323",
                            "metadata.%": "2",
                            "metadata.attached_mode": "rw",
                            "metadata.readonly": "False",
                            "name": "vuc-beeond_volume_compute-1",
                            "region": "RegionOne",
                            "size": "10",
                            "snapshot_id": "",
                            "source_vol_id": "",
                            "volume_type": "quobyte_hdd"
                        },
                        "meta": {
                            "e2bfb730-ecaa-11e6-8f88-34363bc7c4c0": {
                                "create": 600000000000,
                                "delete": 600000000000
                            }
                        },
                        "tainted": false
                    },
                    "deposed": [],
                    "provider": "provider.openstack"
                },
                "openstack_blockstorage_volume_v2.beeond_volume_master": {
                    "type": "openstack_blockstorage_volume_v2",
                    "depends_on": [],
                    "primary": {
                        "id": "95bb560c-aef3-49ef-9982-5549a0c41dc9",
                        "attributes": {
                            "attachment.#": "1",
                            "attachment.3583287536.device": "/dev/vdb",
                            "attachment.3583287536.id": "95bb560c-aef3-49ef-9982-5549a0c41dc9",
                            "attachment.3583287536.instance_id": "07b1809b-21a8-448a-8a25-672c7ada3ed8",
                            "availability_zone": "nova",
                            "description": "",
                            "id": "95bb560c-aef3-49ef-9982-5549a0c41dc9",
                            "metadata.%": "2",
                            "metadata.attached_mode": "rw",
                            "metadata.readonly": "False",
                            "name": "vuc-beeond_volume_master",
                            "region": "RegionOne",
                            "size": "10",
                            "snapshot_id": "",
                            "source_vol_id": "",
                            "volume_type": "quobyte_hdd"
                        },
                        "meta": {
                            "e2bfb730-ecaa-11e6-8f88-34363bc7c4c0": {
                                "create": 600000000000,
                                "delete": 600000000000
                            }
                        },
                        "tainted": false
                    },
                    "deposed": [],
                    "provider": "provider.openstack"
                },
                "openstack_compute_keypair_v2.my-cloud-key": {
                    "type": "openstack_compute_keypair_v2",
                    "depends_on": [],
                    "primary": {
                        "id": "vuc-cloud-key",
                        "attributes": {
                            "fingerprint": "3d:11:d7:ad:76:57:1b:23:84:a9:d4:f3:80:c9:1b:01",
                            "id": "vuc-cloud-key",
                            "name": "vuc-cloud-key",
                            "private_key": "",
                            "public_key": "ssh-rsa AAAAB3NzaC1yc2EAAAADAQABAAABAQDGCoCJq3YLZSSIQWp9E8lHoS2Uyls66498ZcEqxJIGEP6gu+W9AAw7x0FBGlvnoHAw1wEsMbcihrTVLlU0r2VKtNVdvW26ACB01Y663IsiqrgtWChmLEWxOJE/8k3F+ZQ8aIjfYWr4O33IBItr32OP3lka/3wrLqOYh27JUcc3hvo+4KNdYoEso/P2bvvrL3jU/obB5iCtpI3QHpnA3fEHCuLK6A0J13cedcNJTWnm1O8aLo0NPdimqB4I82e1WfdflabJCVQjuWjA224zNakNdxa7T11aQJjJWKWLNL5nKrM+sjeUpcKzNeMDTIrPQpF/mqqkEM/sRgDKPgYZ/uqf",
                            "region": "RegionOne"
                        },
                        "meta": {},
                        "tainted": false
                    },
                    "deposed": [],
                    "provider": "provider.openstack"
                },
                "openstack_images_image_v2.vuc-image-compute": {
                    "type": "openstack_images_image_v2",
                    "depends_on": [],
                    "primary": {
                        "id": "10b384ae-afb9-40b2-8369-ff0486eb55cf",
                        "attributes": {
                            "checksum": "4e19b60bb8a7d3285ddb25d31090cb00",
                            "container_format": "bare",
                            "created_at": "2019-06-17T09:40:00Z",
                            "disk_format": "qcow2",
                            "file": "/v2/images/10b384ae-afb9-40b2-8369-ff0486eb55cf/file",
                            "id": "10b384ae-afb9-40b2-8369-ff0486eb55cf",
                            "image_cache_path": "/home/mhanussek/.terraform/image_cache",
                            "image_source_url": "https://s3.denbi.uni-tuebingen.de/max/unicore_compute_centos.qcow2",
                            "metadata.%": "0",
                            "min_disk_gb": "0",
                            "min_ram_mb": "0",
                            "name": "unicore_compute_centos",
                            "owner": "0dd93dad7c534e81b4b72a7615f13156",
                            "properties.%": "0",
                            "protected": "false",
                            "region": "RegionOne",
                            "schema": "/v2/schemas/image",
                            "size_bytes": "2072313856",
                            "status": "active",
                            "tags.#": "0",
                            "update_at": "2019-06-17T09:42:19Z",
                            "updated_at": "2019-06-17T09:42:19Z",
                            "verify_checksum": "true",
                            "visibility": "private"
                        },
                        "meta": {
                            "e2bfb730-ecaa-11e6-8f88-34363bc7c4c0": {
                                "create": 1800000000000
                            }
                        },
                        "tainted": false
                    },
                    "deposed": [],
                    "provider": "provider.openstack"
                },
                "openstack_images_image_v2.vuc-image-master": {
                    "type": "openstack_images_image_v2",
                    "depends_on": [],
                    "primary": {
                        "id": "8e9c1351-9d96-4c3e-9ad8-9ee1d47aed4d",
                        "attributes": {
                            "checksum": "12a4eb00a6647f08624d9f4f2fa0541b",
                            "container_format": "bare",
                            "created_at": "2019-06-17T09:40:00Z",
                            "disk_format": "qcow2",
                            "file": "/v2/images/8e9c1351-9d96-4c3e-9ad8-9ee1d47aed4d/file",
                            "id": "8e9c1351-9d96-4c3e-9ad8-9ee1d47aed4d",
                            "image_cache_path": "/home/mhanussek/.terraform/image_cache",
                            "image_source_url": "https://s3.denbi.uni-tuebingen.de/max/unicore_master_centos.qcow2",
                            "metadata.%": "0",
                            "min_disk_gb": "0",
                            "min_ram_mb": "0",
                            "name": "unicore_master_centos",
                            "owner": "0dd93dad7c534e81b4b72a7615f13156",
                            "properties.%": "0",
                            "protected": "false",
                            "region": "RegionOne",
                            "schema": "/v2/schemas/image",
                            "size_bytes": "4726784000",
                            "status": "active",
                            "tags.#": "0",
                            "update_at": "2019-06-17T09:43:31Z",
                            "updated_at": "2019-06-17T09:43:31Z",
                            "verify_checksum": "true",
                            "visibility": "private"
                        },
                        "meta": {
                            "e2bfb730-ecaa-11e6-8f88-34363bc7c4c0": {
                                "create": 1800000000000
                            }
                        },
                        "tainted": false
                    },
                    "deposed": [],
                    "provider": "provider.openstack"
                },
                "openstack_networking_secgroup_rule_v2.egress-public-4": {
                    "type": "openstack_networking_secgroup_rule_v2",
                    "depends_on": [
                        "openstack_networking_secgroup_v2.virtual-unicore-cluster-public"
                    ],
                    "primary": {
                        "id": "33e4df70-a37e-4224-9813-87aaa6b62de5",
                        "attributes": {
                            "description": "",
                            "direction": "egress",
                            "ethertype": "IPv4",
                            "id": "33e4df70-a37e-4224-9813-87aaa6b62de5",
                            "port_range_max": "0",
                            "port_range_min": "0",
                            "protocol": "",
                            "region": "RegionOne",
                            "remote_group_id": "",
                            "remote_ip_prefix": "",
                            "security_group_id": "ce0ba109-e840-43d0-af1b-652775bf2767",
                            "tenant_id": "0dd93dad7c534e81b4b72a7615f13156"
                        },
                        "meta": {
                            "e2bfb730-ecaa-11e6-8f88-34363bc7c4c0": {
                                "delete": 600000000000
                            }
                        },
                        "tainted": false
                    },
                    "deposed": [],
                    "provider": "provider.openstack"
                },
                "openstack_networking_secgroup_rule_v2.egress-public-6": {
                    "type": "openstack_networking_secgroup_rule_v2",
                    "depends_on": [
                        "openstack_networking_secgroup_v2.virtual-unicore-cluster-public"
                    ],
                    "primary": {
                        "id": "6a4c2188-192b-48be-b848-1a6e29b57d3a",
                        "attributes": {
                            "description": "",
                            "direction": "egress",
                            "ethertype": "IPv6",
                            "id": "6a4c2188-192b-48be-b848-1a6e29b57d3a",
                            "port_range_max": "0",
                            "port_range_min": "0",
                            "protocol": "",
                            "region": "RegionOne",
                            "remote_group_id": "",
                            "remote_ip_prefix": "",
                            "security_group_id": "ce0ba109-e840-43d0-af1b-652775bf2767",
                            "tenant_id": "0dd93dad7c534e81b4b72a7615f13156"
                        },
                        "meta": {
                            "e2bfb730-ecaa-11e6-8f88-34363bc7c4c0": {
                                "delete": 600000000000
                            }
                        },
                        "tainted": false
                    },
                    "deposed": [],
                    "provider": "provider.openstack"
                },
                "openstack_networking_secgroup_rule_v2.ingress-public-4": {
                    "type": "openstack_networking_secgroup_rule_v2",
                    "depends_on": [
                        "openstack_networking_secgroup_v2.virtual-unicore-cluster-public"
                    ],
                    "primary": {
                        "id": "ca21a2a8-4c91-446c-a384-4cf2dd2052a1",
                        "attributes": {
                            "description": "",
                            "direction": "ingress",
                            "ethertype": "IPv4",
                            "id": "ca21a2a8-4c91-446c-a384-4cf2dd2052a1",
                            "port_range_max": "0",
                            "port_range_min": "0",
                            "protocol": "",
                            "region": "RegionOne",
                            "remote_group_id": "",
                            "remote_ip_prefix": "",
                            "security_group_id": "ce0ba109-e840-43d0-af1b-652775bf2767",
                            "tenant_id": "0dd93dad7c534e81b4b72a7615f13156"
                        },
                        "meta": {
                            "e2bfb730-ecaa-11e6-8f88-34363bc7c4c0": {
                                "delete": 600000000000
                            }
                        },
                        "tainted": false
                    },
                    "deposed": [],
                    "provider": "provider.openstack"
                },
                "openstack_networking_secgroup_v2.virtual-unicore-cluster-public": {
                    "type": "openstack_networking_secgroup_v2",
                    "depends_on": [],
                    "primary": {
                        "id": "ce0ba109-e840-43d0-af1b-652775bf2767",
                        "attributes": {
                            "all_tags.#": "0",
                            "delete_default_rules": "true",
                            "description": "Allow any incoming connection",
                            "id": "ce0ba109-e840-43d0-af1b-652775bf2767",
                            "name": "virtual-unicore-cluster-public",
                            "region": "RegionOne",
                            "tags.#": "0",
                            "tenant_id": "0dd93dad7c534e81b4b72a7615f13156"
                        },
                        "meta": {
                            "e2bfb730-ecaa-11e6-8f88-34363bc7c4c0": {
                                "delete": 600000000000
                            }
                        },
                        "tainted": false
                    },
                    "deposed": [],
                    "provider": "provider.openstack"
                }
            },
            "depends_on": []
        }
    ]
}
