{
    "version": 3,
    "terraform_version": "0.11.13",
    "serial": 16,
    "lineage": "b1b8a429-fe01-ecc6-aa54-01b076c04f87",
    "modules": [
        {
            "path": [
                "root"
            ],
            "outputs": {},
            "resources": {
                "openstack_blockstorage_volume_v2.beeond_volume_compute.0": {
                    "type": "openstack_blockstorage_volume_v2",
                    "depends_on": [],
                    "primary": {
                        "id": "2084a026-398e-46a2-a545-39a05cd1e85e",
                        "attributes": {
                            "attachment.#": "0",
                            "availability_zone": "nova",
                            "description": "",
                            "id": "2084a026-398e-46a2-a545-39a05cd1e85e",
                            "metadata.%": "0",
                            "name": "vuc-beeond_volume_compute-0",
                            "region": "RegionOne",
                            "size": "10",
                            "snapshot_id": "",
                            "source_vol_id": "",
                            "volume_type": "quobyte_hdd"
                        },
                        "meta": {
                            "e2bfb730-ecaa-11e6-8f88-34363bc7c4c0": {
                                "create": 600000000000,
                                "delete": 600000000000
                            }
                        },
                        "tainted": false
                    },
                    "deposed": [],
                    "provider": "provider.openstack"
                },
                "openstack_blockstorage_volume_v2.beeond_volume_compute.1": {
                    "type": "openstack_blockstorage_volume_v2",
                    "depends_on": [],
                    "primary": {
                        "id": "f4ba66ee-7184-4ef9-b842-59ea1f5e4fe4",
                        "attributes": {
                            "attachment.#": "0",
                            "availability_zone": "nova",
                            "description": "",
                            "id": "f4ba66ee-7184-4ef9-b842-59ea1f5e4fe4",
                            "metadata.%": "0",
                            "name": "vuc-beeond_volume_compute-1",
                            "region": "RegionOne",
                            "size": "10",
                            "snapshot_id": "",
                            "source_vol_id": "",
                            "volume_type": "quobyte_hdd"
                        },
                        "meta": {
                            "e2bfb730-ecaa-11e6-8f88-34363bc7c4c0": {
                                "create": 600000000000,
                                "delete": 600000000000
                            }
                        },
                        "tainted": false
                    },
                    "deposed": [],
                    "provider": "provider.openstack"
                },
                "openstack_blockstorage_volume_v2.beeond_volume_master": {
                    "type": "openstack_blockstorage_volume_v2",
                    "depends_on": [],
                    "primary": {
                        "id": "8a5ee2c4-6fbd-4cb2-9d81-05756ffbabd4",
                        "attributes": {
                            "attachment.#": "0",
                            "availability_zone": "nova",
                            "description": "",
                            "id": "8a5ee2c4-6fbd-4cb2-9d81-05756ffbabd4",
                            "metadata.%": "0",
                            "name": "vuc-beeond_volume_master",
                            "region": "RegionOne",
                            "size": "10",
                            "snapshot_id": "",
                            "source_vol_id": "",
                            "volume_type": "quobyte_hdd"
                        },
                        "meta": {
                            "e2bfb730-ecaa-11e6-8f88-34363bc7c4c0": {
                                "create": 600000000000,
                                "delete": 600000000000
                            }
                        },
                        "tainted": false
                    },
                    "deposed": [],
                    "provider": "provider.openstack"
                },
                "openstack_compute_instance_v2.compute.0": {
                    "type": "openstack_compute_instance_v2",
                    "depends_on": [
                        "openstack_blockstorage_volume_v2.beeond_volume_compute",
                        "openstack_blockstorage_volume_v2.beeond_volume_compute.1",
                        "openstack_compute_keypair_v2.my-cloud-key",
                        "openstack_images_image_v2.vuc-image-compute",
                        "tls_private_key.internal_connection_key"
                    ],
                    "primary": {
                        "id": "88a7aef6-78ab-4a3f-8383-2a9b7340e423",
                        "attributes": {
                            "access_ip_v4": "193.196.20.125",
                            "access_ip_v6": "",
                            "all_metadata.%": "0",
                            "availability_zone": "nova",
                            "block_device.#": "2",
                            "block_device.0.boot_index": "0",
                            "block_device.0.delete_on_termination": "true",
                            "block_device.0.destination_type": "local",
                            "block_device.0.device_type": "",
                            "block_device.0.disk_bus": "",
                            "block_device.0.guest_format": "",
                            "block_device.0.source_type": "image",
                            "block_device.0.uuid": "10b384ae-afb9-40b2-8369-ff0486eb55cf",
                            "block_device.0.volume_size": "0",
                            "block_device.1.boot_index": "-1",
                            "block_device.1.delete_on_termination": "true",
                            "block_device.1.destination_type": "volume",
                            "block_device.1.device_type": "",
                            "block_device.1.disk_bus": "",
                            "block_device.1.guest_format": "",
                            "block_device.1.source_type": "volume",
                            "block_device.1.uuid": "2084a026-398e-46a2-a545-39a05cd1e85e",
                            "block_device.1.volume_size": "0",
                            "flavor_id": "97964814-c0a8-490f-a928-cb5b0f46355c",
                            "flavor_name": "de.NBI default disc",
                            "force_delete": "false",
                            "id": "88a7aef6-78ab-4a3f-8383-2a9b7340e423",
                            "image_id": "10b384ae-afb9-40b2-8369-ff0486eb55cf",
                            "image_name": "unicore_compute_centos",
                            "key_pair": "vuc-cloud-key",
                            "name": "vuc-compute-node-0",
                            "network.#": "1",
                            "network.0.access_network": "false",
                            "network.0.fixed_ip_v4": "193.196.20.125",
                            "network.0.fixed_ip_v6": "",
                            "network.0.floating_ip": "",
                            "network.0.mac": "fa:16:3e:f7:26:83",
                            "network.0.name": "denbi_uni_tuebingen_external",
                            "network.0.port": "",
                            "network.0.uuid": "c8f3016f-c451-4aaa-915b-6704d2a6a97e",
                            "power_state": "active",
                            "region": "RegionOne",
                            "security_groups.#": "1",
                            "security_groups.1924906370": "virtual-unicore-cluster-public",
                            "stop_before_destroy": "false"
                        },
                        "meta": {
                            "e2bfb730-ecaa-11e6-8f88-34363bc7c4c0": {
                                "create": 1800000000000,
                                "delete": 1800000000000,
                                "update": 1800000000000
                            }
                        },
                        "tainted": false
                    },
                    "deposed": [],
                    "provider": "provider.openstack"
                },
                "openstack_compute_instance_v2.compute.1": {
                    "type": "openstack_compute_instance_v2",
                    "depends_on": [
                        "openstack_blockstorage_volume_v2.beeond_volume_compute",
                        "openstack_blockstorage_volume_v2.beeond_volume_compute.1",
                        "openstack_compute_keypair_v2.my-cloud-key",
                        "openstack_images_image_v2.vuc-image-compute",
                        "tls_private_key.internal_connection_key"
                    ],
                    "primary": {
                        "id": "0eae4e6a-32fc-4731-bec6-2f07053cb285",
                        "attributes": {
                            "access_ip_v4": "193.196.20.73",
                            "access_ip_v6": "",
                            "all_metadata.%": "0",
                            "availability_zone": "nova",
                            "block_device.#": "2",
                            "block_device.0.boot_index": "0",
                            "block_device.0.delete_on_termination": "true",
                            "block_device.0.destination_type": "local",
                            "block_device.0.device_type": "",
                            "block_device.0.disk_bus": "",
                            "block_device.0.guest_format": "",
                            "block_device.0.source_type": "image",
                            "block_device.0.uuid": "10b384ae-afb9-40b2-8369-ff0486eb55cf",
                            "block_device.0.volume_size": "0",
                            "block_device.1.boot_index": "-1",
                            "block_device.1.delete_on_termination": "true",
                            "block_device.1.destination_type": "volume",
                            "block_device.1.device_type": "",
                            "block_device.1.disk_bus": "",
                            "block_device.1.guest_format": "",
                            "block_device.1.source_type": "volume",
                            "block_device.1.uuid": "f4ba66ee-7184-4ef9-b842-59ea1f5e4fe4",
                            "block_device.1.volume_size": "0",
                            "flavor_id": "97964814-c0a8-490f-a928-cb5b0f46355c",
                            "flavor_name": "de.NBI default disc",
                            "force_delete": "false",
                            "id": "0eae4e6a-32fc-4731-bec6-2f07053cb285",
                            "image_id": "10b384ae-afb9-40b2-8369-ff0486eb55cf",
                            "image_name": "unicore_compute_centos",
                            "key_pair": "vuc-cloud-key",
                            "name": "vuc-compute-node-1",
                            "network.#": "1",
                            "network.0.access_network": "false",
                            "network.0.fixed_ip_v4": "193.196.20.73",
                            "network.0.fixed_ip_v6": "",
                            "network.0.floating_ip": "",
                            "network.0.mac": "fa:16:3e:28:bb:5b",
                            "network.0.name": "denbi_uni_tuebingen_external",
                            "network.0.port": "",
                            "network.0.uuid": "c8f3016f-c451-4aaa-915b-6704d2a6a97e",
                            "power_state": "active",
                            "region": "RegionOne",
                            "security_groups.#": "1",
                            "security_groups.1924906370": "virtual-unicore-cluster-public",
                            "stop_before_destroy": "false"
                        },
                        "meta": {
                            "e2bfb730-ecaa-11e6-8f88-34363bc7c4c0": {
                                "create": 1800000000000,
                                "delete": 1800000000000,
                                "update": 1800000000000
                            }
                        },
                        "tainted": false
                    },
                    "deposed": [],
                    "provider": "provider.openstack"
                },
                "openstack_compute_instance_v2.master": {
                    "type": "openstack_compute_instance_v2",
                    "depends_on": [
                        "openstack_blockstorage_volume_v2.beeond_volume_master",
                        "openstack_compute_keypair_v2.my-cloud-key",
                        "openstack_images_image_v2.vuc-image-master",
                        "tls_private_key.internal_connection_key"
                    ],
                    "primary": {
                        "id": "20f73a67-101e-4739-bef9-7e1123aec7ec",
                        "attributes": {
                            "access_ip_v4": "193.196.20.99",
                            "access_ip_v6": "",
                            "all_metadata.%": "0",
                            "availability_zone": "nova",
                            "block_device.#": "2",
                            "block_device.0.boot_index": "0",
                            "block_device.0.delete_on_termination": "true",
                            "block_device.0.destination_type": "local",
                            "block_device.0.device_type": "",
                            "block_device.0.disk_bus": "",
                            "block_device.0.guest_format": "",
                            "block_device.0.source_type": "image",
                            "block_device.0.uuid": "8e9c1351-9d96-4c3e-9ad8-9ee1d47aed4d",
                            "block_device.0.volume_size": "0",
                            "block_device.1.boot_index": "-1",
                            "block_device.1.delete_on_termination": "true",
                            "block_device.1.destination_type": "volume",
                            "block_device.1.device_type": "",
                            "block_device.1.disk_bus": "",
                            "block_device.1.guest_format": "",
                            "block_device.1.source_type": "volume",
                            "block_device.1.uuid": "8a5ee2c4-6fbd-4cb2-9d81-05756ffbabd4",
                            "block_device.1.volume_size": "0",
                            "flavor_id": "97964814-c0a8-490f-a928-cb5b0f46355c",
                            "flavor_name": "de.NBI default disc",
                            "force_delete": "false",
                            "id": "20f73a67-101e-4739-bef9-7e1123aec7ec",
                            "image_id": "8e9c1351-9d96-4c3e-9ad8-9ee1d47aed4d",
                            "image_name": "unicore_master_centos",
                            "key_pair": "vuc-cloud-key",
                            "name": "vuc-master",
                            "network.#": "1",
                            "network.0.access_network": "false",
                            "network.0.fixed_ip_v4": "193.196.20.99",
                            "network.0.fixed_ip_v6": "",
                            "network.0.floating_ip": "",
                            "network.0.mac": "fa:16:3e:44:50:7a",
                            "network.0.name": "denbi_uni_tuebingen_external",
                            "network.0.port": "",
                            "network.0.uuid": "c8f3016f-c451-4aaa-915b-6704d2a6a97e",
                            "power_state": "active",
                            "region": "RegionOne",
                            "security_groups.#": "1",
                            "security_groups.1924906370": "virtual-unicore-cluster-public",
                            "stop_before_destroy": "false"
                        },
                        "meta": {
                            "e2bfb730-ecaa-11e6-8f88-34363bc7c4c0": {
                                "create": 1800000000000,
                                "delete": 1800000000000,
                                "update": 1800000000000
                            }
                        },
                        "tainted": false
                    },
                    "deposed": [],
                    "provider": "provider.openstack"
                },
                "openstack_compute_keypair_v2.my-cloud-key": {
                    "type": "openstack_compute_keypair_v2",
                    "depends_on": [],
                    "primary": {
                        "id": "vuc-cloud-key",
                        "attributes": {
                            "fingerprint": "3d:11:d7:ad:76:57:1b:23:84:a9:d4:f3:80:c9:1b:01",
                            "id": "vuc-cloud-key",
                            "name": "vuc-cloud-key",
                            "private_key": "",
                            "public_key": "ssh-rsa AAAAB3NzaC1yc2EAAAADAQABAAABAQDGCoCJq3YLZSSIQWp9E8lHoS2Uyls66498ZcEqxJIGEP6gu+W9AAw7x0FBGlvnoHAw1wEsMbcihrTVLlU0r2VKtNVdvW26ACB01Y663IsiqrgtWChmLEWxOJE/8k3F+ZQ8aIjfYWr4O33IBItr32OP3lka/3wrLqOYh27JUcc3hvo+4KNdYoEso/P2bvvrL3jU/obB5iCtpI3QHpnA3fEHCuLK6A0J13cedcNJTWnm1O8aLo0NPdimqB4I82e1WfdflabJCVQjuWjA224zNakNdxa7T11aQJjJWKWLNL5nKrM+sjeUpcKzNeMDTIrPQpF/mqqkEM/sRgDKPgYZ/uqf",
                            "region": "RegionOne"
                        },
                        "meta": {},
                        "tainted": false
                    },
                    "deposed": [],
                    "provider": "provider.openstack"
                },
                "openstack_images_image_v2.vuc-image-compute": {
                    "type": "openstack_images_image_v2",
                    "depends_on": [],
                    "primary": {
                        "id": "10b384ae-afb9-40b2-8369-ff0486eb55cf",
                        "attributes": {
                            "checksum": "4e19b60bb8a7d3285ddb25d31090cb00",
                            "container_format": "bare",
                            "created_at": "2019-06-17T09:40:00Z",
                            "disk_format": "qcow2",
                            "file": "/v2/images/10b384ae-afb9-40b2-8369-ff0486eb55cf/file",
                            "id": "10b384ae-afb9-40b2-8369-ff0486eb55cf",
                            "image_cache_path": "/home/mhanussek/.terraform/image_cache",
                            "image_source_url": "https://s3.denbi.uni-tuebingen.de/max/unicore_compute_centos.qcow2",
                            "metadata.%": "0",
                            "min_disk_gb": "0",
                            "min_ram_mb": "0",
                            "name": "unicore_compute_centos",
                            "owner": "0dd93dad7c534e81b4b72a7615f13156",
                            "properties.%": "0",
                            "protected": "false",
                            "region": "RegionOne",
                            "schema": "/v2/schemas/image",
                            "size_bytes": "2072313856",
                            "status": "active",
                            "tags.#": "0",
                            "update_at": "2019-06-17T09:42:19Z",
                            "updated_at": "2019-06-17T09:42:19Z",
                            "verify_checksum": "true",
                            "visibility": "private"
                        },
                        "meta": {
                            "e2bfb730-ecaa-11e6-8f88-34363bc7c4c0": {
                                "create": 1800000000000
                            }
                        },
                        "tainted": false
                    },
                    "deposed": [],
                    "provider": "provider.openstack"
                },
                "openstack_images_image_v2.vuc-image-master": {
                    "type": "openstack_images_image_v2",
                    "depends_on": [],
                    "primary": {
                        "id": "8e9c1351-9d96-4c3e-9ad8-9ee1d47aed4d",
                        "attributes": {
                            "checksum": "12a4eb00a6647f08624d9f4f2fa0541b",
                            "container_format": "bare",
                            "created_at": "2019-06-17T09:40:00Z",
                            "disk_format": "qcow2",
                            "file": "/v2/images/8e9c1351-9d96-4c3e-9ad8-9ee1d47aed4d/file",
                            "id": "8e9c1351-9d96-4c3e-9ad8-9ee1d47aed4d",
                            "image_cache_path": "/home/mhanussek/.terraform/image_cache",
                            "image_source_url": "https://s3.denbi.uni-tuebingen.de/max/unicore_master_centos.qcow2",
                            "metadata.%": "0",
                            "min_disk_gb": "0",
                            "min_ram_mb": "0",
                            "name": "unicore_master_centos",
                            "owner": "0dd93dad7c534e81b4b72a7615f13156",
                            "properties.%": "0",
                            "protected": "false",
                            "region": "RegionOne",
                            "schema": "/v2/schemas/image",
                            "size_bytes": "4726784000",
                            "status": "active",
                            "tags.#": "0",
                            "update_at": "2019-06-17T09:43:31Z",
                            "updated_at": "2019-06-17T09:43:31Z",
                            "verify_checksum": "true",
                            "visibility": "private"
                        },
                        "meta": {
                            "e2bfb730-ecaa-11e6-8f88-34363bc7c4c0": {
                                "create": 1800000000000
                            }
                        },
                        "tainted": false
                    },
                    "deposed": [],
                    "provider": "provider.openstack"
                },
                "openstack_networking_secgroup_rule_v2.egress-public-4": {
                    "type": "openstack_networking_secgroup_rule_v2",
                    "depends_on": [
                        "openstack_networking_secgroup_v2.virtual-unicore-cluster-public"
                    ],
                    "primary": {
                        "id": "33e4df70-a37e-4224-9813-87aaa6b62de5",
                        "attributes": {
                            "description": "",
                            "direction": "egress",
                            "ethertype": "IPv4",
                            "id": "33e4df70-a37e-4224-9813-87aaa6b62de5",
                            "port_range_max": "0",
                            "port_range_min": "0",
                            "protocol": "",
                            "region": "RegionOne",
                            "remote_group_id": "",
                            "remote_ip_prefix": "",
                            "security_group_id": "ce0ba109-e840-43d0-af1b-652775bf2767",
                            "tenant_id": "0dd93dad7c534e81b4b72a7615f13156"
                        },
                        "meta": {
                            "e2bfb730-ecaa-11e6-8f88-34363bc7c4c0": {
                                "delete": 600000000000
                            }
                        },
                        "tainted": false
                    },
                    "deposed": [],
                    "provider": "provider.openstack"
                },
                "openstack_networking_secgroup_rule_v2.egress-public-6": {
                    "type": "openstack_networking_secgroup_rule_v2",
                    "depends_on": [
                        "openstack_networking_secgroup_v2.virtual-unicore-cluster-public"
                    ],
                    "primary": {
                        "id": "6a4c2188-192b-48be-b848-1a6e29b57d3a",
                        "attributes": {
                            "description": "",
                            "direction": "egress",
                            "ethertype": "IPv6",
                            "id": "6a4c2188-192b-48be-b848-1a6e29b57d3a",
                            "port_range_max": "0",
                            "port_range_min": "0",
                            "protocol": "",
                            "region": "RegionOne",
                            "remote_group_id": "",
                            "remote_ip_prefix": "",
                            "security_group_id": "ce0ba109-e840-43d0-af1b-652775bf2767",
                            "tenant_id": "0dd93dad7c534e81b4b72a7615f13156"
                        },
                        "meta": {
                            "e2bfb730-ecaa-11e6-8f88-34363bc7c4c0": {
                                "delete": 600000000000
                            }
                        },
                        "tainted": false
                    },
                    "deposed": [],
                    "provider": "provider.openstack"
                },
                "openstack_networking_secgroup_rule_v2.ingress-public-4": {
                    "type": "openstack_networking_secgroup_rule_v2",
                    "depends_on": [
                        "openstack_networking_secgroup_v2.virtual-unicore-cluster-public"
                    ],
                    "primary": {
                        "id": "ca21a2a8-4c91-446c-a384-4cf2dd2052a1",
                        "attributes": {
                            "description": "",
                            "direction": "ingress",
                            "ethertype": "IPv4",
                            "id": "ca21a2a8-4c91-446c-a384-4cf2dd2052a1",
                            "port_range_max": "0",
                            "port_range_min": "0",
                            "protocol": "",
                            "region": "RegionOne",
                            "remote_group_id": "",
                            "remote_ip_prefix": "",
                            "security_group_id": "ce0ba109-e840-43d0-af1b-652775bf2767",
                            "tenant_id": "0dd93dad7c534e81b4b72a7615f13156"
                        },
                        "meta": {
                            "e2bfb730-ecaa-11e6-8f88-34363bc7c4c0": {
                                "delete": 600000000000
                            }
                        },
                        "tainted": false
                    },
                    "deposed": [],
                    "provider": "provider.openstack"
                },
                "openstack_networking_secgroup_v2.virtual-unicore-cluster-public": {
                    "type": "openstack_networking_secgroup_v2",
                    "depends_on": [],
                    "primary": {
                        "id": "ce0ba109-e840-43d0-af1b-652775bf2767",
                        "attributes": {
                            "all_tags.#": "0",
                            "delete_default_rules": "true",
                            "description": "Allow any incoming connection",
                            "id": "ce0ba109-e840-43d0-af1b-652775bf2767",
                            "name": "virtual-unicore-cluster-public",
                            "region": "RegionOne",
                            "tags.#": "0",
                            "tenant_id": "0dd93dad7c534e81b4b72a7615f13156"
                        },
                        "meta": {
                            "e2bfb730-ecaa-11e6-8f88-34363bc7c4c0": {
                                "delete": 600000000000
                            }
                        },
                        "tainted": false
                    },
                    "deposed": [],
                    "provider": "provider.openstack"
                },
                "tls_private_key.internal_connection_key": {
                    "type": "tls_private_key",
                    "depends_on": [],
                    "primary": {
                        "id": "e844c1fe571e6418f24c3b3f917981f85cc76f16",
                        "attributes": {
                            "algorithm": "RSA",
                            "ecdsa_curve": "P224",
                            "id": "e844c1fe571e6418f24c3b3f917981f85cc76f16",
                            "private_key_pem": "-----BEGIN RSA PRIVATE KEY-----\nMIIJKAIBAAKCAgEAwf5h/Cub94SFCfv0HyVjiAWdy+xtNanwC/YHRLx1Zyzly1vL\nycTgnxpZ/B1bs8CYJKUdbQaNxooFdgaTBuNoB7il/KoSl2FIXClG+gU4XbG43U6R\nXOkcfKcLw5VTvZtZM1i+W4oD40y0uy4biDrPBqvyvs+bjdwcmzjdYRCLex6lqi4Z\nzn0pXe1Tslvu3+g7h+6iyucSW0GAmS1NSy1S7vQPdEH5uo9C+FcrK+OYt339jEWp\noI0KrGWHCT3CMvRumlgvRdx/J3q8JNQtc6uaMF16ldLJFXgRNGhrVb80JkkeX2VJ\nQoot2AbvNyPD6ry9uevggvsWzz5MDH0aCBx7wEdeuFfCnrjpxsBzSafzPPfWgncH\ncNlae1vi9Vuc/c1pqmASq0517Kq/A0DZctmwgAhagrAWNn+avGOS1PNJlpfkZXUC\nowoAOvtRbop3pNCz6RytaJv2g/e7nnNmMkjPL9Em4oVn4bHCyPh28RMJePZXriiv\nZ20nZY8T6loq0Y6ifOh1ng/Lsgv4JFhHpBgCvGAwiysYjOoEyZvf44d7i6FUJm43\nURNTm2ovoTJZmDagZ+D80QFYzv8HOrp5HlziqpoxmceMYxsJw20+kwyZ7lZoxzXy\nT0sQ+J9ft7WN14h+tKHCYSVvWKZpb/pDtsTVBh6Z+cxt3Ex39cwoklhgiksCAwEA\nAQKCAgEAqkugQpkZumgHzeLyw6CzxgWAJzKuEAzVH/rjGJED0wXT1/gGZmJA+QpN\n8gbnqF0qcgjMUxgMvzwMXTaaPNLGUPjkJXA7D86jkdveZb7NY1qPOR8udkxg6IBP\n0Gq271x/Kpb9zCfVD+UXRrXMD4Polye82YowOJEAP7bkh7/ZYcRek40StHSlKsIa\n1hjkEoSwNbzkBZBhSeCvfkgJcTQheIihRGJiUkZO+Oi0ijuqpXGhcVD5/mmx8/LQ\nXulrIAX5Td6Z6Q8ORF726LGmEMOUgF6fLQSz5vfWypXbm5NUuUM4uW+Vpybb5ab4\nugPYiakUODD7jp/Svy0l31S21GYErxXnKis+XykqNURwtkbQYoCy10gmDdPAy3Wy\nLAjAMWktSkm7TlHMyhW3N1ObBVEfB37E8iCLMr1tjwoA2ovSPPItlEgx837EeRvX\n1EsvtgLGjxkxH+P5gZua/bvWQgulXiMmMEF70bHHULmmbT9065lfTmPVWNYVollV\nY17Oxec3SC545otiCd4WkUg4ppiGBq2KiukrQEH2l1zfj6NtwkyrpnIr5qSs7Ohj\nvIizlm+868ryGGeQQqDila0B3KaiUGCSYvmIFR5jWHebr29LQTecbdd6WdFRj2p0\nmsRj0XofZkF7ES/hnyjBBGeTJUPDxTpxoTUfu+vdsyYNn37xsMECggEBAPbkfgwv\nneUSdLIx2nsd0p8Q5XY8diQEUlJQhDubmXYe0wbck6wdFSmYfiaCp3OtAERecyWm\nDoxnv/+kSxnjY4Q2FnmgxLcnBUTzXxPkGY9c3o0Z3ylUq1WUTcTwVkOhNh3nGzbF\nIpOFfTNXRm65IPmnZ25Io3jvUpRSGgxzEbdvEamfqYn5+Mumee+Se2FjYr6rFwno\nekjHxtctyRLwYR4p8LDuMiifS85kl3zQOWJtVfYW+N7XI0+W5S5+0Op71q3T/vNO\nhN3MzX3YJsjnMlyau5lry+OOw98KTz2MgqlQ8RKS9+Q/7nt4lJ2oqzr4gdPJRbUj\nm46m2866LmrBeqECggEBAMkmWD2JiEWVqGDhDax8YOLcOiWeI5kitORCA28YP+5o\ndPNUwEROFTCBf/Wxj7aJBnKi5YYZHyQfhBxF6WxE+oFKNE+etQftgXtS2c7Hnmnu\nybzVgAAetE4RZgTYCjEHwLbNlQj6hsbggKkCZFci3eNteQ3xUvIRVRy6U3ba9RB+\nziSOFjcVEwZfQhEy3I4AjNPY5xdCdjgjx3WtTLzdMcXBiGvkrCC7IT/ZWCOPqo7k\nhSv57dMTONBQE0PHGt00kCh/Gs81btLa9H07RfO0ubqw2lJZ7gAKb+XL0xJyBKo0\naiVlEo0OApRq4wWI0ctQHzgXWqbPFBb6h2OHIhLOqWsCggEAMLLrRf4Sd//G8usw\nfD5qsCOGD2dnqj0L+96T5qoPgCQeXekeW8G0zeqdX31ACGokdlfnAJMbpYhFb+h5\nQ9b9ZzPABSe4BaR1vp7+rw68F/Iql8x1n1JrJUtGd8UsTtS6tvVCAfCqnEylYH4j\nj22G2pexqCg9znnuYQE80B3WbcdDxaCPsX6UG59vx9it64zOCmv29GZd0INPblxC\noDC4B1ogdtXVIPwi2MgwtVbhKtAEN7FaT6JB/c320NAE52ub8deyH03qmVFvaxY6\nuEAaR/fhbya7JdygOBtxe+N+VmV318ETknsl0Eb9kYeWluAzw5Gc5VjrsxyomMNS\nqo4VYQKCAQBfT0DuX5VnS0NOLDT7bq/Fro4KtwStEcnegfz4jef1Ah+wEI9NjiXy\nJtpHw4uR9RlOBit1P8AGsLw7XVD+ES0VR+DDfTLP/9SjZ512ohVIonGKfSs6Y1IR\nz6KkVu11T/QbagvdBkAISeYMrup2cznqAjwixB8GPfozM4JKxfLqjvsETSLvlJfA\nJDC8z3m7+zy/QH43AjHb5fAjrSq4LqLfzhTi8qYwmBpoE4b0yqUJMfR74t+ybOA1\nrEuEiPoMqFRKK/e7CNlrJX5FPGmn0RFUCWpZLO1drZRZsRthGQ9mypElCOAiX+oP\nAxpwy+SEToGMZVx5v5MIVEsEeMpHWQ7jAoIBAAveYUheuLQoHql/HY+kTZdnqJS8\nZRShiekZ7t7oy27DxIKIbxYULKFAV17QKRZmRstRZzGzUNTMh3eLXaetm/XLe8dt\n0CYrw2vscxVf8usGblsSOMHY63qjA+gq/b07dkxzv2W0OmfGFWTWsKM6W0n/f9Tz\n27yvhd6R3hWTHTxt++YZeQgZxVOG2UaLvO15LQ5WltcC+x/YDikbCDWLvQdnvYEC\ndtMstNzcL0PDDQuvhr1QGimYJyB6m163iuxetf+WOoQ/qctYkjPiSh87/JaOXr09\nyeqFQHF5BZVgRgmEmaObzYrSS0PQGt2Z+f+nyGjQl23y816zHNJi8x5zJ5k=\n-----END RSA PRIVATE KEY-----\n",
                            "public_key_fingerprint_md5": "7b:57:b8:4e:cd:ae:84:d8:e7:9a:3a:4e:56:68:71:c8",
                            "public_key_openssh": "ssh-rsa AAAAB3NzaC1yc2EAAAADAQABAAACAQDB/mH8K5v3hIUJ+/QfJWOIBZ3L7G01qfAL9gdEvHVnLOXLW8vJxOCfGln8HVuzwJgkpR1tBo3GigV2BpMG42gHuKX8qhKXYUhcKUb6BThdsbjdTpFc6Rx8pwvDlVO9m1kzWL5bigPjTLS7LhuIOs8Gq/K+z5uN3BybON1hEIt7HqWqLhnOfSld7VOyW+7f6DuH7qLK5xJbQYCZLU1LLVLu9A90Qfm6j0L4Vysr45i3ff2MRamgjQqsZYcJPcIy9G6aWC9F3H8nerwk1C1zq5owXXqV0skVeBE0aGtVvzQmSR5fZUlCii3YBu83I8PqvL256+CC+xbPPkwMfRoIHHvAR164V8KeuOnGwHNJp/M899aCdwdw2Vp7W+L1W5z9zWmqYBKrTnXsqr8DQNly2bCACFqCsBY2f5q8Y5LU80mWl+RldQKjCgA6+1Fuinek0LPpHK1om/aD97uec2YySM8v0SbihWfhscLI+HbxEwl49leuKK9nbSdljxPqWirRjqJ86HWeD8uyC/gkWEekGAK8YDCLKxiM6gTJm9/jh3uLoVQmbjdRE1Obai+hMlmYNqBn4PzRAVjO/wc6unkeXOKqmjGZx4xjGwnDbT6TDJnuVmjHNfJPSxD4n1+3tY3XiH60ocJhJW9Ypmlv+kO2xNUGHpn5zG3cTHf1zCiSWGCKSw==\n",
                            "public_key_pem": "-----BEGIN PUBLIC KEY-----\nMIICIjANBgkqhkiG9w0BAQEFAAOCAg8AMIICCgKCAgEAwf5h/Cub94SFCfv0HyVj\niAWdy+xtNanwC/YHRLx1Zyzly1vLycTgnxpZ/B1bs8CYJKUdbQaNxooFdgaTBuNo\nB7il/KoSl2FIXClG+gU4XbG43U6RXOkcfKcLw5VTvZtZM1i+W4oD40y0uy4biDrP\nBqvyvs+bjdwcmzjdYRCLex6lqi4Zzn0pXe1Tslvu3+g7h+6iyucSW0GAmS1NSy1S\n7vQPdEH5uo9C+FcrK+OYt339jEWpoI0KrGWHCT3CMvRumlgvRdx/J3q8JNQtc6ua\nMF16ldLJFXgRNGhrVb80JkkeX2VJQoot2AbvNyPD6ry9uevggvsWzz5MDH0aCBx7\nwEdeuFfCnrjpxsBzSafzPPfWgncHcNlae1vi9Vuc/c1pqmASq0517Kq/A0DZctmw\ngAhagrAWNn+avGOS1PNJlpfkZXUCowoAOvtRbop3pNCz6RytaJv2g/e7nnNmMkjP\nL9Em4oVn4bHCyPh28RMJePZXriivZ20nZY8T6loq0Y6ifOh1ng/Lsgv4JFhHpBgC\nvGAwiysYjOoEyZvf44d7i6FUJm43URNTm2ovoTJZmDagZ+D80QFYzv8HOrp5Hlzi\nqpoxmceMYxsJw20+kwyZ7lZoxzXyT0sQ+J9ft7WN14h+tKHCYSVvWKZpb/pDtsTV\nBh6Z+cxt3Ex39cwoklhgiksCAwEAAQ==\n-----END PUBLIC KEY-----\n",
                            "rsa_bits": "4096"
                        },
                        "meta": {},
                        "tainted": false
                    },
                    "deposed": [],
                    "provider": "provider.tls"
                }
            },
            "depends_on": []
        }
    ]
}
